// !$*UTF8*$!
{
	archiveVersion = 1;
	classes = {
	};
	objectVersion = 46;
	objects = {

/* Begin PBXBuildFile section */
		1D60589F0D05DD5A006BFB54 /* Foundation.framework in Frameworks */ = {isa = PBXBuildFile; fileRef = 1D30AB110D05D00D00671497 /* Foundation.framework */; };
		1DF5F4E00D08C38300B7A737 /* UIKit.framework in Frameworks */ = {isa = PBXBuildFile; fileRef = 1DF5F4DF0D08C38300B7A737 /* UIKit.framework */; };
		288765FD0DF74451002DB57D /* CoreGraphics.framework in Frameworks */ = {isa = PBXBuildFile; fileRef = 288765FC0DF74451002DB57D /* CoreGraphics.framework */; };
		5326AEA810A23A0500278DE6 /* CoreLocation.framework in Frameworks */ = {isa = PBXBuildFile; fileRef = 5326AEA710A23A0500278DE6 /* CoreLocation.framework */; };
		53F323EB10A20EDB00E0DAE4 /* OpenAL.framework in Frameworks */ = {isa = PBXBuildFile; fileRef = 53F323EA10A20EDB00E0DAE4 /* OpenAL.framework */; };
		678E130817951530005B6D19 /* Icon@2x.png in Resources */ = {isa = PBXBuildFile; fileRef = 678E130717951530005B6D19 /* Icon@2x.png */; };
		678E130A17951536005B6D19 /* Icon.png in Resources */ = {isa = PBXBuildFile; fileRef = 678E130917951536005B6D19 /* Icon.png */; };
		678E130C1795153C005B6D19 /* Default.png in Resources */ = {isa = PBXBuildFile; fileRef = 678E130B1795153C005B6D19 /* Default.png */; };
		678E130E17951540005B6D19 /* Default@2x.png in Resources */ = {isa = PBXBuildFile; fileRef = 678E130D17951540005B6D19 /* Default@2x.png */; };
		678E131017951549005B6D19 /* Default-568h@2x~iphone.png in Resources */ = {isa = PBXBuildFile; fileRef = 678E130F17951549005B6D19 /* Default-568h@2x~iphone.png */; };
		67DFA53619F92A69003B3434 /* Accelerate.framework in Frameworks */ = {isa = PBXBuildFile; fileRef = 67DFA53419F92A5E003B3434 /* Accelerate.framework */; };
		BB16EBD20F2B2A9500518274 /* OpenGLES.framework in Frameworks */ = {isa = PBXBuildFile; fileRef = BB16EBD10F2B2A9500518274 /* OpenGLES.framework */; };
		BB16EBD90F2B2AB500518274 /* QuartzCore.framework in Frameworks */ = {isa = PBXBuildFile; fileRef = BB16EBD80F2B2AB500518274 /* QuartzCore.framework */; };
		BBE5EAB80F49AD8400F28951 /* AudioToolbox.framework in Frameworks */ = {isa = PBXBuildFile; fileRef = BBE5EAB70F49AD8400F28951 /* AudioToolbox.framework */; };
		D84334CF1F17843F00E7073F /* .gitignore in Resources */ = {isa = PBXBuildFile; fileRef = D84334361F17843F00E7073F /* .gitignore */; };
		D84334D01F17843F00E7073F /* addon_config.mk in Resources */ = {isa = PBXBuildFile; fileRef = D84334371F17843F00E7073F /* addon_config.mk */; };
		D84334D11F17843F00E7073F /* CHANGES.txt in Resources */ = {isa = PBXBuildFile; fileRef = D84334381F17843F00E7073F /* CHANGES.txt */; };
		D84334D21F17843F00E7073F /* interface_sketch.txt in Resources */ = {isa = PBXBuildFile; fileRef = D843343A1F17843F00E7073F /* interface_sketch.txt */; };
		D84334D31F17843F00E7073F /* libpd.pd in Resources */ = {isa = PBXBuildFile; fileRef = D843343C1F17843F00E7073F /* libpd.pd */; };
		D84334D41F17843F00E7073F /* logo.pd in Resources */ = {isa = PBXBuildFile; fileRef = D843343D1F17843F00E7073F /* logo.pd */; };
		D84334D51F17843F00E7073F /* openFrameworks.pd in Resources */ = {isa = PBXBuildFile; fileRef = D843343E1F17843F00E7073F /* openFrameworks.pd */; };
		D84334D61F17843F00E7073F /* LICENSE.txt in Resources */ = {isa = PBXBuildFile; fileRef = D84334421F17843F00E7073F /* LICENSE.txt */; };
		D84334D71F17843F00E7073F /* PdBase.cpp in Sources */ = {isa = PBXBuildFile; fileRef = D84334431F17843F00E7073F /* PdBase.cpp */; };
		D84334D81F17843F00E7073F /* PdTypes.cpp in Sources */ = {isa = PBXBuildFile; fileRef = D84334471F17843F00E7073F /* PdTypes.cpp */; };
		D84334D91F17843F00E7073F /* s_libpdmidi.c in Sources */ = {isa = PBXBuildFile; fileRef = D843344A1F17843F00E7073F /* s_libpdmidi.c */; };
		D84334DA1F17843F00E7073F /* ringbuffer.c in Sources */ = {isa = PBXBuildFile; fileRef = D843344C1F17843F00E7073F /* ringbuffer.c */; };
		D84334DB1F17843F00E7073F /* z_print_util.c in Sources */ = {isa = PBXBuildFile; fileRef = D843344E1F17843F00E7073F /* z_print_util.c */; };
		D84334DC1F17843F00E7073F /* z_queued.c in Sources */ = {isa = PBXBuildFile; fileRef = D84334501F17843F00E7073F /* z_queued.c */; };
		D84334DD1F17843F00E7073F /* x_libpdreceive.c in Sources */ = {isa = PBXBuildFile; fileRef = D84334521F17843F00E7073F /* x_libpdreceive.c */; };
		D84334DE1F17843F00E7073F /* z_hooks.c in Sources */ = {isa = PBXBuildFile; fileRef = D84334541F17843F00E7073F /* z_hooks.c */; };
		D84334DF1F17843F00E7073F /* z_libpd.c in Sources */ = {isa = PBXBuildFile; fileRef = D84334561F17843F00E7073F /* z_libpd.c */; };
		D84334E01F17843F00E7073F /* choice.c in Sources */ = {isa = PBXBuildFile; fileRef = D843345B1F17843F00E7073F /* choice.c */; };
		D84334E11F17843F00E7073F /* pique.c in Sources */ = {isa = PBXBuildFile; fileRef = D843345D1F17843F00E7073F /* pique.c */; };
		D84334E21F17843F00E7073F /* README.txt in Resources */ = {isa = PBXBuildFile; fileRef = D843345E1F17843F00E7073F /* README.txt */; };
		D84334E31F17843F00E7073F /* stdout.c in Sources */ = {isa = PBXBuildFile; fileRef = D84334601F17843F00E7073F /* stdout.c */; };
		D84334E41F17843F00E7073F /* d_arithmetic.c in Sources */ = {isa = PBXBuildFile; fileRef = D84334621F17843F00E7073F /* d_arithmetic.c */; };
		D84334E51F17843F00E7073F /* d_array.c in Sources */ = {isa = PBXBuildFile; fileRef = D84334631F17843F00E7073F /* d_array.c */; };
		D84334E61F17843F00E7073F /* d_ctl.c in Sources */ = {isa = PBXBuildFile; fileRef = D84334641F17843F00E7073F /* d_ctl.c */; };
		D84334E71F17843F00E7073F /* d_dac.c in Sources */ = {isa = PBXBuildFile; fileRef = D84334651F17843F00E7073F /* d_dac.c */; };
		D84334E81F17843F00E7073F /* d_delay.c in Sources */ = {isa = PBXBuildFile; fileRef = D84334661F17843F00E7073F /* d_delay.c */; };
		D84334E91F17843F00E7073F /* d_fft.c in Sources */ = {isa = PBXBuildFile; fileRef = D84334671F17843F00E7073F /* d_fft.c */; };
		D84334EA1F17843F00E7073F /* d_fft_fftsg.c in Sources */ = {isa = PBXBuildFile; fileRef = D84334681F17843F00E7073F /* d_fft_fftsg.c */; };
		D84334EB1F17843F00E7073F /* d_filter.c in Sources */ = {isa = PBXBuildFile; fileRef = D84334691F17843F00E7073F /* d_filter.c */; };
		D84334EC1F17843F00E7073F /* d_global.c in Sources */ = {isa = PBXBuildFile; fileRef = D843346A1F17843F00E7073F /* d_global.c */; };
		D84334ED1F17843F00E7073F /* d_math.c in Sources */ = {isa = PBXBuildFile; fileRef = D843346B1F17843F00E7073F /* d_math.c */; };
		D84334EE1F17843F00E7073F /* d_misc.c in Sources */ = {isa = PBXBuildFile; fileRef = D843346C1F17843F00E7073F /* d_misc.c */; };
		D84334EF1F17843F00E7073F /* d_osc.c in Sources */ = {isa = PBXBuildFile; fileRef = D843346D1F17843F00E7073F /* d_osc.c */; };
		D84334F01F17843F00E7073F /* d_resample.c in Sources */ = {isa = PBXBuildFile; fileRef = D843346E1F17843F00E7073F /* d_resample.c */; };
		D84334F11F17843F00E7073F /* d_soundfile.c in Sources */ = {isa = PBXBuildFile; fileRef = D843346F1F17843F00E7073F /* d_soundfile.c */; };
		D84334F21F17843F00E7073F /* d_ugen.c in Sources */ = {isa = PBXBuildFile; fileRef = D84334701F17843F00E7073F /* d_ugen.c */; };
		D84334F31F17843F00E7073F /* g_all_guis.c in Sources */ = {isa = PBXBuildFile; fileRef = D84334711F17843F00E7073F /* g_all_guis.c */; };
		D84334F41F17843F00E7073F /* g_array.c in Sources */ = {isa = PBXBuildFile; fileRef = D84334731F17843F00E7073F /* g_array.c */; };
		D84334F51F17843F00E7073F /* g_bang.c in Sources */ = {isa = PBXBuildFile; fileRef = D84334741F17843F00E7073F /* g_bang.c */; };
		D84334F61F17843F00E7073F /* g_canvas.c in Sources */ = {isa = PBXBuildFile; fileRef = D84334751F17843F00E7073F /* g_canvas.c */; };
		D84334F71F17843F00E7073F /* g_clone.c in Sources */ = {isa = PBXBuildFile; fileRef = D84334771F17843F00E7073F /* g_clone.c */; };
		D84334F81F17843F00E7073F /* g_editor.c in Sources */ = {isa = PBXBuildFile; fileRef = D84334781F17843F00E7073F /* g_editor.c */; };
		D84334F91F17843F00E7073F /* g_graph.c in Sources */ = {isa = PBXBuildFile; fileRef = D84334791F17843F00E7073F /* g_graph.c */; };
		D84334FA1F17843F00E7073F /* g_guiconnect.c in Sources */ = {isa = PBXBuildFile; fileRef = D843347A1F17843F00E7073F /* g_guiconnect.c */; };
		D84334FB1F17843F00E7073F /* g_hdial.c in Sources */ = {isa = PBXBuildFile; fileRef = D843347B1F17843F00E7073F /* g_hdial.c */; };
		D84334FC1F17843F00E7073F /* g_hslider.c in Sources */ = {isa = PBXBuildFile; fileRef = D843347C1F17843F00E7073F /* g_hslider.c */; };
		D84334FD1F17843F00E7073F /* g_io.c in Sources */ = {isa = PBXBuildFile; fileRef = D843347D1F17843F00E7073F /* g_io.c */; };
		D84334FE1F17843F00E7073F /* g_mycanvas.c in Sources */ = {isa = PBXBuildFile; fileRef = D843347E1F17843F00E7073F /* g_mycanvas.c */; };
		D84334FF1F17843F00E7073F /* g_numbox.c in Sources */ = {isa = PBXBuildFile; fileRef = D843347F1F17843F00E7073F /* g_numbox.c */; };
		D84335001F17843F00E7073F /* g_readwrite.c in Sources */ = {isa = PBXBuildFile; fileRef = D84334801F17843F00E7073F /* g_readwrite.c */; };
		D84335011F17843F00E7073F /* g_rtext.c in Sources */ = {isa = PBXBuildFile; fileRef = D84334811F17843F00E7073F /* g_rtext.c */; };
		D84335021F17843F00E7073F /* g_scalar.c in Sources */ = {isa = PBXBuildFile; fileRef = D84334821F17843F00E7073F /* g_scalar.c */; };
		D84335031F17843F00E7073F /* g_template.c in Sources */ = {isa = PBXBuildFile; fileRef = D84334831F17843F00E7073F /* g_template.c */; };
		D84335041F17843F00E7073F /* g_text.c in Sources */ = {isa = PBXBuildFile; fileRef = D84334841F17843F00E7073F /* g_text.c */; };
		D84335051F17843F00E7073F /* g_toggle.c in Sources */ = {isa = PBXBuildFile; fileRef = D84334851F17843F00E7073F /* g_toggle.c */; };
		D84335061F17843F00E7073F /* g_traversal.c in Sources */ = {isa = PBXBuildFile; fileRef = D84334861F17843F00E7073F /* g_traversal.c */; };
		D84335071F17843F00E7073F /* g_vdial.c in Sources */ = {isa = PBXBuildFile; fileRef = D84334871F17843F00E7073F /* g_vdial.c */; };
		D84335081F17843F00E7073F /* g_vslider.c in Sources */ = {isa = PBXBuildFile; fileRef = D84334881F17843F00E7073F /* g_vslider.c */; };
		D84335091F17843F00E7073F /* g_vumeter.c in Sources */ = {isa = PBXBuildFile; fileRef = D84334891F17843F00E7073F /* g_vumeter.c */; };
		D843350A1F17843F00E7073F /* m_atom.c in Sources */ = {isa = PBXBuildFile; fileRef = D843348A1F17843F00E7073F /* m_atom.c */; };
		D843350B1F17843F00E7073F /* m_binbuf.c in Sources */ = {isa = PBXBuildFile; fileRef = D843348B1F17843F00E7073F /* m_binbuf.c */; };
		D843350C1F17843F00E7073F /* m_class.c in Sources */ = {isa = PBXBuildFile; fileRef = D843348C1F17843F00E7073F /* m_class.c */; };
		D843350D1F17843F00E7073F /* m_conf.c in Sources */ = {isa = PBXBuildFile; fileRef = D843348D1F17843F00E7073F /* m_conf.c */; };
		D843350E1F17843F00E7073F /* m_glob.c in Sources */ = {isa = PBXBuildFile; fileRef = D843348E1F17843F00E7073F /* m_glob.c */; };
		D843350F1F17843F00E7073F /* m_memory.c in Sources */ = {isa = PBXBuildFile; fileRef = D84334901F17843F00E7073F /* m_memory.c */; };
		D84335101F17843F00E7073F /* m_obj.c in Sources */ = {isa = PBXBuildFile; fileRef = D84334911F17843F00E7073F /* m_obj.c */; };
		D84335111F17843F00E7073F /* m_pd.c in Sources */ = {isa = PBXBuildFile; fileRef = D84334921F17843F00E7073F /* m_pd.c */; };
		D84335121F17843F00E7073F /* m_sched.c in Sources */ = {isa = PBXBuildFile; fileRef = D84334941F17843F00E7073F /* m_sched.c */; };
		D84335131F17843F00E7073F /* s_audio.c in Sources */ = {isa = PBXBuildFile; fileRef = D84334951F17843F00E7073F /* s_audio.c */; };
		D84335141F17843F00E7073F /* s_audio_dummy.c in Sources */ = {isa = PBXBuildFile; fileRef = D84334961F17843F00E7073F /* s_audio_dummy.c */; };
		D84335151F17843F00E7073F /* s_file.c in Sources */ = {isa = PBXBuildFile; fileRef = D84334971F17843F00E7073F /* s_file.c */; };
		D84335161F17843F00E7073F /* s_inter.c in Sources */ = {isa = PBXBuildFile; fileRef = D84334981F17843F00E7073F /* s_inter.c */; };
		D84335171F17843F00E7073F /* s_loader.c in Sources */ = {isa = PBXBuildFile; fileRef = D84334991F17843F00E7073F /* s_loader.c */; };
		D84335181F17843F00E7073F /* s_main.c in Sources */ = {isa = PBXBuildFile; fileRef = D843349A1F17843F00E7073F /* s_main.c */; };
		D84335191F17843F00E7073F /* s_path.c in Sources */ = {isa = PBXBuildFile; fileRef = D843349B1F17843F00E7073F /* s_path.c */; };
		D843351A1F17843F00E7073F /* s_print.c in Sources */ = {isa = PBXBuildFile; fileRef = D843349C1F17843F00E7073F /* s_print.c */; };
		D843351B1F17843F00E7073F /* s_utf8.c in Sources */ = {isa = PBXBuildFile; fileRef = D843349E1F17843F00E7073F /* s_utf8.c */; };
		D843351C1F17843F00E7073F /* x_acoustics.c in Sources */ = {isa = PBXBuildFile; fileRef = D84334A01F17843F00E7073F /* x_acoustics.c */; };
		D843351D1F17843F00E7073F /* x_arithmetic.c in Sources */ = {isa = PBXBuildFile; fileRef = D84334A11F17843F00E7073F /* x_arithmetic.c */; };
		D843351E1F17843F00E7073F /* x_array.c in Sources */ = {isa = PBXBuildFile; fileRef = D84334A21F17843F00E7073F /* x_array.c */; };
		D843351F1F17843F00E7073F /* x_connective.c in Sources */ = {isa = PBXBuildFile; fileRef = D84334A31F17843F00E7073F /* x_connective.c */; };
		D84335201F17843F00E7073F /* x_gui.c in Sources */ = {isa = PBXBuildFile; fileRef = D84334A41F17843F00E7073F /* x_gui.c */; };
		D84335211F17843F00E7073F /* x_interface.c in Sources */ = {isa = PBXBuildFile; fileRef = D84334A51F17843F00E7073F /* x_interface.c */; };
		D84335221F17843F00E7073F /* x_list.c in Sources */ = {isa = PBXBuildFile; fileRef = D84334A61F17843F00E7073F /* x_list.c */; };
		D84335231F17843F00E7073F /* x_midi.c in Sources */ = {isa = PBXBuildFile; fileRef = D84334A71F17843F00E7073F /* x_midi.c */; };
		D84335241F17843F00E7073F /* x_misc.c in Sources */ = {isa = PBXBuildFile; fileRef = D84334A81F17843F00E7073F /* x_misc.c */; };
		D84335251F17843F00E7073F /* x_net.c in Sources */ = {isa = PBXBuildFile; fileRef = D84334A91F17843F00E7073F /* x_net.c */; };
		D84335261F17843F00E7073F /* x_scalar.c in Sources */ = {isa = PBXBuildFile; fileRef = D84334AA1F17843F00E7073F /* x_scalar.c */; };
		D84335271F17843F00E7073F /* x_text.c in Sources */ = {isa = PBXBuildFile; fileRef = D84334AB1F17843F00E7073F /* x_text.c */; };
		D84335281F17843F00E7073F /* x_time.c in Sources */ = {isa = PBXBuildFile; fileRef = D84334AC1F17843F00E7073F /* x_time.c */; };
		D84335291F17843F00E7073F /* x_vexp.c in Sources */ = {isa = PBXBuildFile; fileRef = D84334AD1F17843F00E7073F /* x_vexp.c */; };
		D843352A1F17843F00E7073F /* x_vexp_fun.c in Sources */ = {isa = PBXBuildFile; fileRef = D84334AF1F17843F00E7073F /* x_vexp_fun.c */; };
		D843352B1F17843F00E7073F /* x_vexp_if.c in Sources */ = {isa = PBXBuildFile; fileRef = D84334B01F17843F00E7073F /* x_vexp_if.c */; };
		D843352C1F17843F00E7073F /* LICENSE.txt in Resources */ = {isa = PBXBuildFile; fileRef = D84334B11F17843F00E7073F /* LICENSE.txt */; };
		D843352D1F17843F00E7073F /* ofxaddons_thumbnail.png in Resources */ = {isa = PBXBuildFile; fileRef = D84334B21F17843F00E7073F /* ofxaddons_thumbnail.png */; };
		D843352E1F17843F00E7073F /* ofxPd.cpp in Sources */ = {isa = PBXBuildFile; fileRef = D84334B31F17843F00E7073F /* ofxPd.cpp */; };
		D843352F1F17843F00E7073F /* addons.make in Resources */ = {isa = PBXBuildFile; fileRef = D84334B61F17843F00E7073F /* addons.make */; };
		D84335301F17843F00E7073F /* test_abs.pd in Resources */ = {isa = PBXBuildFile; fileRef = D84334BB1F17843F00E7073F /* test_abs.pd */; };
		D84335311F17843F00E7073F /* instance.pd in Resources */ = {isa = PBXBuildFile; fileRef = D84334BC1F17843F00E7073F /* instance.pd */; };
		D84335321F17843F00E7073F /* test.pd in Resources */ = {isa = PBXBuildFile; fileRef = D84334BD1F17843F00E7073F /* test.pd */; };
		D84335331F17843F00E7073F /* main.mm in Sources */ = {isa = PBXBuildFile; fileRef = D84334BF1F17843F00E7073F /* main.mm */; };
		D84335341F17843F00E7073F /* ofApp.mm in Sources */ = {isa = PBXBuildFile; fileRef = D84334C11F17843F00E7073F /* ofApp.mm */; };
		D84335351F17843F00E7073F /* AlertViewDelegate.mm in Sources */ = {isa = PBXBuildFile; fileRef = D84334C41F17843F00E7073F /* AlertViewDelegate.mm */; };
		D84335361F17843F00E7073F /* MyViewController.mm in Sources */ = {isa = PBXBuildFile; fileRef = D84334C61F17843F00E7073F /* MyViewController.mm */; };
		D84335371F17843F00E7073F /* MyViewController.xib in Resources */ = {isa = PBXBuildFile; fileRef = D84334C71F17843F00E7073F /* MyViewController.xib */; };
		D84335381F17843F00E7073F /* MyViewController~ipad.xib in Resources */ = {isa = PBXBuildFile; fileRef = D84334C81F17843F00E7073F /* MyViewController~ipad.xib */; };
		D84335391F17843F00E7073F /* README.md in Sources */ = {isa = PBXBuildFile; fileRef = D84334C91F17843F00E7073F /* README.md */; };
		D843353A1F17843F00E7073F /* update_libpd.sh in Resources */ = {isa = PBXBuildFile; fileRef = D84334CB1F17843F00E7073F /* update_libpd.sh */; };
		D843353B1F17843F00E7073F /* ofxPd.cpp in Sources */ = {isa = PBXBuildFile; fileRef = D84334CD1F17843F00E7073F /* ofxPd.cpp */; };
		E41D400B13B39D2100A75A5D /* AVFoundation.framework in Frameworks */ = {isa = PBXBuildFile; fileRef = E41D400613B39D2100A75A5D /* AVFoundation.framework */; };
		E41D400C13B39D2100A75A5D /* CoreMedia.framework in Frameworks */ = {isa = PBXBuildFile; fileRef = E41D400713B39D2100A75A5D /* CoreMedia.framework */; };
		E41D400D13B39D2100A75A5D /* CoreVideo.framework in Frameworks */ = {isa = PBXBuildFile; fileRef = E41D400813B39D2100A75A5D /* CoreVideo.framework */; };
		E41D400E13B39D2100A75A5D /* MapKit.framework in Frameworks */ = {isa = PBXBuildFile; fileRef = E41D400913B39D2100A75A5D /* MapKit.framework */; };
		E4D8936E11527B74007E1F53 /* main.mm in Sources */ = {isa = PBXBuildFile; fileRef = E4D8936B11527B74007E1F53 /* main.mm */; };
		E4D8936F11527B74007E1F53 /* ofApp.mm in Sources */ = {isa = PBXBuildFile; fileRef = E4D8936D11527B74007E1F53 /* ofApp.mm */; };
/* End PBXBuildFile section */

/* Begin PBXFileReference section */
		1D30AB110D05D00D00671497 /* Foundation.framework */ = {isa = PBXFileReference; lastKnownFileType = wrapper.framework; name = Foundation.framework; path = System/Library/Frameworks/Foundation.framework; sourceTree = SDKROOT; };
		1D6058910D05DD3D006BFB54 /* pdExampleIOS.app */ = {isa = PBXFileReference; explicitFileType = wrapper.application; includeInIndex = 0; path = pdExampleIOS.app; sourceTree = BUILT_PRODUCTS_DIR; };
		1DF5F4DF0D08C38300B7A737 /* UIKit.framework */ = {isa = PBXFileReference; lastKnownFileType = wrapper.framework; name = UIKit.framework; path = System/Library/Frameworks/UIKit.framework; sourceTree = SDKROOT; };
		288765FC0DF74451002DB57D /* CoreGraphics.framework */ = {isa = PBXFileReference; lastKnownFileType = wrapper.framework; name = CoreGraphics.framework; path = System/Library/Frameworks/CoreGraphics.framework; sourceTree = SDKROOT; };
		32CA4F630368D1EE00C91783 /* ofxiOS_Prefix.pch */ = {isa = PBXFileReference; fileEncoding = 4; lastKnownFileType = sourcecode.c.h; path = ofxiOS_Prefix.pch; sourceTree = "<group>"; };
		5326AEA710A23A0500278DE6 /* CoreLocation.framework */ = {isa = PBXFileReference; lastKnownFileType = wrapper.framework; name = CoreLocation.framework; path = System/Library/Frameworks/CoreLocation.framework; sourceTree = SDKROOT; };
		53F323EA10A20EDB00E0DAE4 /* OpenAL.framework */ = {isa = PBXFileReference; lastKnownFileType = wrapper.framework; name = OpenAL.framework; path = System/Library/Frameworks/OpenAL.framework; sourceTree = SDKROOT; };
		678E130717951530005B6D19 /* Icon@2x.png */ = {isa = PBXFileReference; lastKnownFileType = image.png; name = "Icon@2x.png"; path = "bin/data/Icon@2x.png"; sourceTree = "<group>"; };
		678E130917951536005B6D19 /* Icon.png */ = {isa = PBXFileReference; lastKnownFileType = image.png; name = Icon.png; path = bin/data/Icon.png; sourceTree = "<group>"; };
		678E130B1795153C005B6D19 /* Default.png */ = {isa = PBXFileReference; lastKnownFileType = image.png; name = Default.png; path = bin/data/Default.png; sourceTree = "<group>"; };
		678E130D17951540005B6D19 /* Default@2x.png */ = {isa = PBXFileReference; lastKnownFileType = image.png; name = "Default@2x.png"; path = "bin/data/Default@2x.png"; sourceTree = "<group>"; };
		678E130F17951549005B6D19 /* Default-568h@2x~iphone.png */ = {isa = PBXFileReference; lastKnownFileType = image.png; name = "Default-568h@2x~iphone.png"; path = "bin/data/Default-568h@2x~iphone.png"; sourceTree = "<group>"; };
		67DFA53419F92A5E003B3434 /* Accelerate.framework */ = {isa = PBXFileReference; lastKnownFileType = wrapper.framework; name = Accelerate.framework; path = System/Library/Frameworks/Accelerate.framework; sourceTree = SDKROOT; };
		BB16EBD10F2B2A9500518274 /* OpenGLES.framework */ = {isa = PBXFileReference; lastKnownFileType = wrapper.framework; name = OpenGLES.framework; path = System/Library/Frameworks/OpenGLES.framework; sourceTree = SDKROOT; };
		BB16EBD80F2B2AB500518274 /* QuartzCore.framework */ = {isa = PBXFileReference; lastKnownFileType = wrapper.framework; name = QuartzCore.framework; path = System/Library/Frameworks/QuartzCore.framework; sourceTree = SDKROOT; };
		BB24DDC910DA781C00E9C588 /* ofxiOS-Info.plist */ = {isa = PBXFileReference; fileEncoding = 4; lastKnownFileType = text.plist.xml; path = "ofxiOS-Info.plist"; sourceTree = "<group>"; };
		BBE5EAB70F49AD8400F28951 /* AudioToolbox.framework */ = {isa = PBXFileReference; lastKnownFileType = wrapper.framework; name = AudioToolbox.framework; path = System/Library/Frameworks/AudioToolbox.framework; sourceTree = SDKROOT; };
		D84334361F17843F00E7073F /* .gitignore */ = {isa = PBXFileReference; fileEncoding = 4; lastKnownFileType = text; path = .gitignore; sourceTree = "<group>"; };
		D84334371F17843F00E7073F /* addon_config.mk */ = {isa = PBXFileReference; fileEncoding = 4; lastKnownFileType = text; path = addon_config.mk; sourceTree = "<group>"; };
		D84334381F17843F00E7073F /* CHANGES.txt */ = {isa = PBXFileReference; fileEncoding = 4; lastKnownFileType = text; path = CHANGES.txt; sourceTree = "<group>"; };
		D843343A1F17843F00E7073F /* interface_sketch.txt */ = {isa = PBXFileReference; fileEncoding = 4; lastKnownFileType = text; path = interface_sketch.txt; sourceTree = "<group>"; };
		D843343C1F17843F00E7073F /* libpd.pd */ = {isa = PBXFileReference; fileEncoding = 4; lastKnownFileType = text; path = libpd.pd; sourceTree = "<group>"; };
		D843343D1F17843F00E7073F /* logo.pd */ = {isa = PBXFileReference; fileEncoding = 4; lastKnownFileType = text; path = logo.pd; sourceTree = "<group>"; };
		D843343E1F17843F00E7073F /* openFrameworks.pd */ = {isa = PBXFileReference; fileEncoding = 4; lastKnownFileType = text; path = openFrameworks.pd; sourceTree = "<group>"; };
		D84334421F17843F00E7073F /* LICENSE.txt */ = {isa = PBXFileReference; fileEncoding = 4; lastKnownFileType = text; path = LICENSE.txt; sourceTree = "<group>"; };
		D84334431F17843F00E7073F /* PdBase.cpp */ = {isa = PBXFileReference; fileEncoding = 4; lastKnownFileType = sourcecode.cpp.cpp; path = PdBase.cpp; sourceTree = "<group>"; };
		D84334441F17843F00E7073F /* PdBase.hpp */ = {isa = PBXFileReference; fileEncoding = 4; lastKnownFileType = sourcecode.cpp.h; path = PdBase.hpp; sourceTree = "<group>"; };
		D84334451F17843F00E7073F /* PdMidiReceiver.hpp */ = {isa = PBXFileReference; fileEncoding = 4; lastKnownFileType = sourcecode.cpp.h; path = PdMidiReceiver.hpp; sourceTree = "<group>"; };
		D84334461F17843F00E7073F /* PdReceiver.hpp */ = {isa = PBXFileReference; fileEncoding = 4; lastKnownFileType = sourcecode.cpp.h; path = PdReceiver.hpp; sourceTree = "<group>"; };
		D84334471F17843F00E7073F /* PdTypes.cpp */ = {isa = PBXFileReference; fileEncoding = 4; lastKnownFileType = sourcecode.cpp.cpp; path = PdTypes.cpp; sourceTree = "<group>"; };
		D84334481F17843F00E7073F /* PdTypes.hpp */ = {isa = PBXFileReference; fileEncoding = 4; lastKnownFileType = sourcecode.cpp.h; path = PdTypes.hpp; sourceTree = "<group>"; };
		D843344A1F17843F00E7073F /* s_libpdmidi.c */ = {isa = PBXFileReference; fileEncoding = 4; lastKnownFileType = sourcecode.c.c; path = s_libpdmidi.c; sourceTree = "<group>"; };
		D843344C1F17843F00E7073F /* ringbuffer.c */ = {isa = PBXFileReference; fileEncoding = 4; lastKnownFileType = sourcecode.c.c; path = ringbuffer.c; sourceTree = "<group>"; };
		D843344D1F17843F00E7073F /* ringbuffer.h */ = {isa = PBXFileReference; fileEncoding = 4; lastKnownFileType = sourcecode.c.h; path = ringbuffer.h; sourceTree = "<group>"; };
		D843344E1F17843F00E7073F /* z_print_util.c */ = {isa = PBXFileReference; fileEncoding = 4; lastKnownFileType = sourcecode.c.c; path = z_print_util.c; sourceTree = "<group>"; };
		D843344F1F17843F00E7073F /* z_print_util.h */ = {isa = PBXFileReference; fileEncoding = 4; lastKnownFileType = sourcecode.c.h; path = z_print_util.h; sourceTree = "<group>"; };
		D84334501F17843F00E7073F /* z_queued.c */ = {isa = PBXFileReference; fileEncoding = 4; lastKnownFileType = sourcecode.c.c; path = z_queued.c; sourceTree = "<group>"; };
		D84334511F17843F00E7073F /* z_queued.h */ = {isa = PBXFileReference; fileEncoding = 4; lastKnownFileType = sourcecode.c.h; path = z_queued.h; sourceTree = "<group>"; };
		D84334521F17843F00E7073F /* x_libpdreceive.c */ = {isa = PBXFileReference; fileEncoding = 4; lastKnownFileType = sourcecode.c.c; path = x_libpdreceive.c; sourceTree = "<group>"; };
		D84334531F17843F00E7073F /* x_libpdreceive.h */ = {isa = PBXFileReference; fileEncoding = 4; lastKnownFileType = sourcecode.c.h; path = x_libpdreceive.h; sourceTree = "<group>"; };
		D84334541F17843F00E7073F /* z_hooks.c */ = {isa = PBXFileReference; fileEncoding = 4; lastKnownFileType = sourcecode.c.c; path = z_hooks.c; sourceTree = "<group>"; };
		D84334551F17843F00E7073F /* z_hooks.h */ = {isa = PBXFileReference; fileEncoding = 4; lastKnownFileType = sourcecode.c.h; path = z_hooks.h; sourceTree = "<group>"; };
		D84334561F17843F00E7073F /* z_libpd.c */ = {isa = PBXFileReference; fileEncoding = 4; lastKnownFileType = sourcecode.c.c; path = z_libpd.c; sourceTree = "<group>"; };
		D84334571F17843F00E7073F /* z_libpd.h */ = {isa = PBXFileReference; fileEncoding = 4; lastKnownFileType = sourcecode.c.h; path = z_libpd.h; sourceTree = "<group>"; };
		D843345B1F17843F00E7073F /* choice.c */ = {isa = PBXFileReference; fileEncoding = 4; lastKnownFileType = sourcecode.c.c; path = choice.c; sourceTree = "<group>"; };
		D843345D1F17843F00E7073F /* pique.c */ = {isa = PBXFileReference; fileEncoding = 4; lastKnownFileType = sourcecode.c.c; path = pique.c; sourceTree = "<group>"; };
		D843345E1F17843F00E7073F /* README.txt */ = {isa = PBXFileReference; fileEncoding = 4; lastKnownFileType = text; path = README.txt; sourceTree = "<group>"; };
		D84334601F17843F00E7073F /* stdout.c */ = {isa = PBXFileReference; fileEncoding = 4; lastKnownFileType = sourcecode.c.c; path = stdout.c; sourceTree = "<group>"; };
		D84334621F17843F00E7073F /* d_arithmetic.c */ = {isa = PBXFileReference; fileEncoding = 4; lastKnownFileType = sourcecode.c.c; path = d_arithmetic.c; sourceTree = "<group>"; };
		D84334631F17843F00E7073F /* d_array.c */ = {isa = PBXFileReference; fileEncoding = 4; lastKnownFileType = sourcecode.c.c; path = d_array.c; sourceTree = "<group>"; };
		D84334641F17843F00E7073F /* d_ctl.c */ = {isa = PBXFileReference; fileEncoding = 4; lastKnownFileType = sourcecode.c.c; path = d_ctl.c; sourceTree = "<group>"; };
		D84334651F17843F00E7073F /* d_dac.c */ = {isa = PBXFileReference; fileEncoding = 4; lastKnownFileType = sourcecode.c.c; path = d_dac.c; sourceTree = "<group>"; };
		D84334661F17843F00E7073F /* d_delay.c */ = {isa = PBXFileReference; fileEncoding = 4; lastKnownFileType = sourcecode.c.c; path = d_delay.c; sourceTree = "<group>"; };
		D84334671F17843F00E7073F /* d_fft.c */ = {isa = PBXFileReference; fileEncoding = 4; lastKnownFileType = sourcecode.c.c; path = d_fft.c; sourceTree = "<group>"; };
		D84334681F17843F00E7073F /* d_fft_fftsg.c */ = {isa = PBXFileReference; fileEncoding = 4; lastKnownFileType = sourcecode.c.c; path = d_fft_fftsg.c; sourceTree = "<group>"; };
		D84334691F17843F00E7073F /* d_filter.c */ = {isa = PBXFileReference; fileEncoding = 4; lastKnownFileType = sourcecode.c.c; path = d_filter.c; sourceTree = "<group>"; };
		D843346A1F17843F00E7073F /* d_global.c */ = {isa = PBXFileReference; fileEncoding = 4; lastKnownFileType = sourcecode.c.c; path = d_global.c; sourceTree = "<group>"; };
		D843346B1F17843F00E7073F /* d_math.c */ = {isa = PBXFileReference; fileEncoding = 4; lastKnownFileType = sourcecode.c.c; path = d_math.c; sourceTree = "<group>"; };
		D843346C1F17843F00E7073F /* d_misc.c */ = {isa = PBXFileReference; fileEncoding = 4; lastKnownFileType = sourcecode.c.c; path = d_misc.c; sourceTree = "<group>"; };
		D843346D1F17843F00E7073F /* d_osc.c */ = {isa = PBXFileReference; fileEncoding = 4; lastKnownFileType = sourcecode.c.c; path = d_osc.c; sourceTree = "<group>"; };
		D843346E1F17843F00E7073F /* d_resample.c */ = {isa = PBXFileReference; fileEncoding = 4; lastKnownFileType = sourcecode.c.c; path = d_resample.c; sourceTree = "<group>"; };
		D843346F1F17843F00E7073F /* d_soundfile.c */ = {isa = PBXFileReference; fileEncoding = 4; lastKnownFileType = sourcecode.c.c; path = d_soundfile.c; sourceTree = "<group>"; };
		D84334701F17843F00E7073F /* d_ugen.c */ = {isa = PBXFileReference; fileEncoding = 4; lastKnownFileType = sourcecode.c.c; path = d_ugen.c; sourceTree = "<group>"; };
		D84334711F17843F00E7073F /* g_all_guis.c */ = {isa = PBXFileReference; fileEncoding = 4; lastKnownFileType = sourcecode.c.c; path = g_all_guis.c; sourceTree = "<group>"; };
		D84334721F17843F00E7073F /* g_all_guis.h */ = {isa = PBXFileReference; fileEncoding = 4; lastKnownFileType = sourcecode.c.h; path = g_all_guis.h; sourceTree = "<group>"; };
		D84334731F17843F00E7073F /* g_array.c */ = {isa = PBXFileReference; fileEncoding = 4; lastKnownFileType = sourcecode.c.c; path = g_array.c; sourceTree = "<group>"; };
		D84334741F17843F00E7073F /* g_bang.c */ = {isa = PBXFileReference; fileEncoding = 4; lastKnownFileType = sourcecode.c.c; path = g_bang.c; sourceTree = "<group>"; };
		D84334751F17843F00E7073F /* g_canvas.c */ = {isa = PBXFileReference; fileEncoding = 4; lastKnownFileType = sourcecode.c.c; path = g_canvas.c; sourceTree = "<group>"; };
		D84334761F17843F00E7073F /* g_canvas.h */ = {isa = PBXFileReference; fileEncoding = 4; lastKnownFileType = sourcecode.c.h; path = g_canvas.h; sourceTree = "<group>"; };
		D84334771F17843F00E7073F /* g_clone.c */ = {isa = PBXFileReference; fileEncoding = 4; lastKnownFileType = sourcecode.c.c; path = g_clone.c; sourceTree = "<group>"; };
		D84334781F17843F00E7073F /* g_editor.c */ = {isa = PBXFileReference; fileEncoding = 4; lastKnownFileType = sourcecode.c.c; path = g_editor.c; sourceTree = "<group>"; };
		D84334791F17843F00E7073F /* g_graph.c */ = {isa = PBXFileReference; fileEncoding = 4; lastKnownFileType = sourcecode.c.c; path = g_graph.c; sourceTree = "<group>"; };
		D843347A1F17843F00E7073F /* g_guiconnect.c */ = {isa = PBXFileReference; fileEncoding = 4; lastKnownFileType = sourcecode.c.c; path = g_guiconnect.c; sourceTree = "<group>"; };
		D843347B1F17843F00E7073F /* g_hdial.c */ = {isa = PBXFileReference; fileEncoding = 4; lastKnownFileType = sourcecode.c.c; path = g_hdial.c; sourceTree = "<group>"; };
		D843347C1F17843F00E7073F /* g_hslider.c */ = {isa = PBXFileReference; fileEncoding = 4; lastKnownFileType = sourcecode.c.c; path = g_hslider.c; sourceTree = "<group>"; };
		D843347D1F17843F00E7073F /* g_io.c */ = {isa = PBXFileReference; fileEncoding = 4; lastKnownFileType = sourcecode.c.c; path = g_io.c; sourceTree = "<group>"; };
		D843347E1F17843F00E7073F /* g_mycanvas.c */ = {isa = PBXFileReference; fileEncoding = 4; lastKnownFileType = sourcecode.c.c; path = g_mycanvas.c; sourceTree = "<group>"; };
		D843347F1F17843F00E7073F /* g_numbox.c */ = {isa = PBXFileReference; fileEncoding = 4; lastKnownFileType = sourcecode.c.c; path = g_numbox.c; sourceTree = "<group>"; };
		D84334801F17843F00E7073F /* g_readwrite.c */ = {isa = PBXFileReference; fileEncoding = 4; lastKnownFileType = sourcecode.c.c; path = g_readwrite.c; sourceTree = "<group>"; };
		D84334811F17843F00E7073F /* g_rtext.c */ = {isa = PBXFileReference; fileEncoding = 4; lastKnownFileType = sourcecode.c.c; path = g_rtext.c; sourceTree = "<group>"; };
		D84334821F17843F00E7073F /* g_scalar.c */ = {isa = PBXFileReference; fileEncoding = 4; lastKnownFileType = sourcecode.c.c; path = g_scalar.c; sourceTree = "<group>"; };
		D84334831F17843F00E7073F /* g_template.c */ = {isa = PBXFileReference; fileEncoding = 4; lastKnownFileType = sourcecode.c.c; path = g_template.c; sourceTree = "<group>"; };
		D84334841F17843F00E7073F /* g_text.c */ = {isa = PBXFileReference; fileEncoding = 4; lastKnownFileType = sourcecode.c.c; path = g_text.c; sourceTree = "<group>"; };
		D84334851F17843F00E7073F /* g_toggle.c */ = {isa = PBXFileReference; fileEncoding = 4; lastKnownFileType = sourcecode.c.c; path = g_toggle.c; sourceTree = "<group>"; };
		D84334861F17843F00E7073F /* g_traversal.c */ = {isa = PBXFileReference; fileEncoding = 4; lastKnownFileType = sourcecode.c.c; path = g_traversal.c; sourceTree = "<group>"; };
		D84334871F17843F00E7073F /* g_vdial.c */ = {isa = PBXFileReference; fileEncoding = 4; lastKnownFileType = sourcecode.c.c; path = g_vdial.c; sourceTree = "<group>"; };
		D84334881F17843F00E7073F /* g_vslider.c */ = {isa = PBXFileReference; fileEncoding = 4; lastKnownFileType = sourcecode.c.c; path = g_vslider.c; sourceTree = "<group>"; };
		D84334891F17843F00E7073F /* g_vumeter.c */ = {isa = PBXFileReference; fileEncoding = 4; lastKnownFileType = sourcecode.c.c; path = g_vumeter.c; sourceTree = "<group>"; };
		D843348A1F17843F00E7073F /* m_atom.c */ = {isa = PBXFileReference; fileEncoding = 4; lastKnownFileType = sourcecode.c.c; path = m_atom.c; sourceTree = "<group>"; };
		D843348B1F17843F00E7073F /* m_binbuf.c */ = {isa = PBXFileReference; fileEncoding = 4; lastKnownFileType = sourcecode.c.c; path = m_binbuf.c; sourceTree = "<group>"; };
		D843348C1F17843F00E7073F /* m_class.c */ = {isa = PBXFileReference; fileEncoding = 4; lastKnownFileType = sourcecode.c.c; path = m_class.c; sourceTree = "<group>"; };
		D843348D1F17843F00E7073F /* m_conf.c */ = {isa = PBXFileReference; fileEncoding = 4; lastKnownFileType = sourcecode.c.c; path = m_conf.c; sourceTree = "<group>"; };
		D843348E1F17843F00E7073F /* m_glob.c */ = {isa = PBXFileReference; fileEncoding = 4; lastKnownFileType = sourcecode.c.c; path = m_glob.c; sourceTree = "<group>"; };
		D843348F1F17843F00E7073F /* m_imp.h */ = {isa = PBXFileReference; fileEncoding = 4; lastKnownFileType = sourcecode.c.h; path = m_imp.h; sourceTree = "<group>"; };
		D84334901F17843F00E7073F /* m_memory.c */ = {isa = PBXFileReference; fileEncoding = 4; lastKnownFileType = sourcecode.c.c; path = m_memory.c; sourceTree = "<group>"; };
		D84334911F17843F00E7073F /* m_obj.c */ = {isa = PBXFileReference; fileEncoding = 4; lastKnownFileType = sourcecode.c.c; path = m_obj.c; sourceTree = "<group>"; };
		D84334921F17843F00E7073F /* m_pd.c */ = {isa = PBXFileReference; fileEncoding = 4; lastKnownFileType = sourcecode.c.c; path = m_pd.c; sourceTree = "<group>"; };
		D84334931F17843F00E7073F /* m_pd.h */ = {isa = PBXFileReference; fileEncoding = 4; lastKnownFileType = sourcecode.c.h; path = m_pd.h; sourceTree = "<group>"; };
		D84334941F17843F00E7073F /* m_sched.c */ = {isa = PBXFileReference; fileEncoding = 4; lastKnownFileType = sourcecode.c.c; path = m_sched.c; sourceTree = "<group>"; };
		D84334951F17843F00E7073F /* s_audio.c */ = {isa = PBXFileReference; fileEncoding = 4; lastKnownFileType = sourcecode.c.c; path = s_audio.c; sourceTree = "<group>"; };
		D84334961F17843F00E7073F /* s_audio_dummy.c */ = {isa = PBXFileReference; fileEncoding = 4; lastKnownFileType = sourcecode.c.c; path = s_audio_dummy.c; sourceTree = "<group>"; };
		D84334971F17843F00E7073F /* s_file.c */ = {isa = PBXFileReference; fileEncoding = 4; lastKnownFileType = sourcecode.c.c; path = s_file.c; sourceTree = "<group>"; };
		D84334981F17843F00E7073F /* s_inter.c */ = {isa = PBXFileReference; fileEncoding = 4; lastKnownFileType = sourcecode.c.c; path = s_inter.c; sourceTree = "<group>"; };
		D84334991F17843F00E7073F /* s_loader.c */ = {isa = PBXFileReference; fileEncoding = 4; lastKnownFileType = sourcecode.c.c; path = s_loader.c; sourceTree = "<group>"; };
		D843349A1F17843F00E7073F /* s_main.c */ = {isa = PBXFileReference; fileEncoding = 4; lastKnownFileType = sourcecode.c.c; path = s_main.c; sourceTree = "<group>"; };
		D843349B1F17843F00E7073F /* s_path.c */ = {isa = PBXFileReference; fileEncoding = 4; lastKnownFileType = sourcecode.c.c; path = s_path.c; sourceTree = "<group>"; };
		D843349C1F17843F00E7073F /* s_print.c */ = {isa = PBXFileReference; fileEncoding = 4; lastKnownFileType = sourcecode.c.c; path = s_print.c; sourceTree = "<group>"; };
		D843349D1F17843F00E7073F /* s_stuff.h */ = {isa = PBXFileReference; fileEncoding = 4; lastKnownFileType = sourcecode.c.h; path = s_stuff.h; sourceTree = "<group>"; };
		D843349E1F17843F00E7073F /* s_utf8.c */ = {isa = PBXFileReference; fileEncoding = 4; lastKnownFileType = sourcecode.c.c; path = s_utf8.c; sourceTree = "<group>"; };
		D843349F1F17843F00E7073F /* s_utf8.h */ = {isa = PBXFileReference; fileEncoding = 4; lastKnownFileType = sourcecode.c.h; path = s_utf8.h; sourceTree = "<group>"; };
		D84334A01F17843F00E7073F /* x_acoustics.c */ = {isa = PBXFileReference; fileEncoding = 4; lastKnownFileType = sourcecode.c.c; path = x_acoustics.c; sourceTree = "<group>"; };
		D84334A11F17843F00E7073F /* x_arithmetic.c */ = {isa = PBXFileReference; fileEncoding = 4; lastKnownFileType = sourcecode.c.c; path = x_arithmetic.c; sourceTree = "<group>"; };
		D84334A21F17843F00E7073F /* x_array.c */ = {isa = PBXFileReference; fileEncoding = 4; lastKnownFileType = sourcecode.c.c; path = x_array.c; sourceTree = "<group>"; };
		D84334A31F17843F00E7073F /* x_connective.c */ = {isa = PBXFileReference; fileEncoding = 4; lastKnownFileType = sourcecode.c.c; path = x_connective.c; sourceTree = "<group>"; };
		D84334A41F17843F00E7073F /* x_gui.c */ = {isa = PBXFileReference; fileEncoding = 4; lastKnownFileType = sourcecode.c.c; path = x_gui.c; sourceTree = "<group>"; };
		D84334A51F17843F00E7073F /* x_interface.c */ = {isa = PBXFileReference; fileEncoding = 4; lastKnownFileType = sourcecode.c.c; path = x_interface.c; sourceTree = "<group>"; };
		D84334A61F17843F00E7073F /* x_list.c */ = {isa = PBXFileReference; fileEncoding = 4; lastKnownFileType = sourcecode.c.c; path = x_list.c; sourceTree = "<group>"; };
		D84334A71F17843F00E7073F /* x_midi.c */ = {isa = PBXFileReference; fileEncoding = 4; lastKnownFileType = sourcecode.c.c; path = x_midi.c; sourceTree = "<group>"; };
		D84334A81F17843F00E7073F /* x_misc.c */ = {isa = PBXFileReference; fileEncoding = 4; lastKnownFileType = sourcecode.c.c; path = x_misc.c; sourceTree = "<group>"; };
		D84334A91F17843F00E7073F /* x_net.c */ = {isa = PBXFileReference; fileEncoding = 4; lastKnownFileType = sourcecode.c.c; path = x_net.c; sourceTree = "<group>"; };
		D84334AA1F17843F00E7073F /* x_scalar.c */ = {isa = PBXFileReference; fileEncoding = 4; lastKnownFileType = sourcecode.c.c; path = x_scalar.c; sourceTree = "<group>"; };
		D84334AB1F17843F00E7073F /* x_text.c */ = {isa = PBXFileReference; fileEncoding = 4; lastKnownFileType = sourcecode.c.c; path = x_text.c; sourceTree = "<group>"; };
		D84334AC1F17843F00E7073F /* x_time.c */ = {isa = PBXFileReference; fileEncoding = 4; lastKnownFileType = sourcecode.c.c; path = x_time.c; sourceTree = "<group>"; };
		D84334AD1F17843F00E7073F /* x_vexp.c */ = {isa = PBXFileReference; fileEncoding = 4; lastKnownFileType = sourcecode.c.c; path = x_vexp.c; sourceTree = "<group>"; };
		D84334AE1F17843F00E7073F /* x_vexp.h */ = {isa = PBXFileReference; fileEncoding = 4; lastKnownFileType = sourcecode.c.h; path = x_vexp.h; sourceTree = "<group>"; };
		D84334AF1F17843F00E7073F /* x_vexp_fun.c */ = {isa = PBXFileReference; fileEncoding = 4; lastKnownFileType = sourcecode.c.c; path = x_vexp_fun.c; sourceTree = "<group>"; };
		D84334B01F17843F00E7073F /* x_vexp_if.c */ = {isa = PBXFileReference; fileEncoding = 4; lastKnownFileType = sourcecode.c.c; path = x_vexp_if.c; sourceTree = "<group>"; };
		D84334B11F17843F00E7073F /* LICENSE.txt */ = {isa = PBXFileReference; fileEncoding = 4; lastKnownFileType = text; path = LICENSE.txt; sourceTree = "<group>"; };
		D84334B21F17843F00E7073F /* ofxaddons_thumbnail.png */ = {isa = PBXFileReference; lastKnownFileType = image.png; path = ofxaddons_thumbnail.png; sourceTree = "<group>"; };
		D84334B31F17843F00E7073F /* ofxPd.cpp */ = {isa = PBXFileReference; fileEncoding = 4; lastKnownFileType = sourcecode.cpp.cpp; path = ofxPd.cpp; sourceTree = "<group>"; };
		D84334B41F17843F00E7073F /* ofxPd.h */ = {isa = PBXFileReference; fileEncoding = 4; lastKnownFileType = sourcecode.c.h; path = ofxPd.h; sourceTree = "<group>"; };
		D84334B61F17843F00E7073F /* addons.make */ = {isa = PBXFileReference; fileEncoding = 4; lastKnownFileType = text; path = addons.make; sourceTree = "<group>"; };
		D84334BB1F17843F00E7073F /* test_abs.pd */ = {isa = PBXFileReference; fileEncoding = 4; lastKnownFileType = text; path = test_abs.pd; sourceTree = "<group>"; };
		D84334BC1F17843F00E7073F /* instance.pd */ = {isa = PBXFileReference; fileEncoding = 4; lastKnownFileType = text; path = instance.pd; sourceTree = "<group>"; };
		D84334BD1F17843F00E7073F /* test.pd */ = {isa = PBXFileReference; fileEncoding = 4; lastKnownFileType = text; path = test.pd; sourceTree = "<group>"; };
		D84334BF1F17843F00E7073F /* main.mm */ = {isa = PBXFileReference; fileEncoding = 4; lastKnownFileType = sourcecode.cpp.objcpp; path = main.mm; sourceTree = "<group>"; };
		D84334C01F17843F00E7073F /* ofApp.h */ = {isa = PBXFileReference; fileEncoding = 4; lastKnownFileType = sourcecode.c.h; path = ofApp.h; sourceTree = "<group>"; };
		D84334C11F17843F00E7073F /* ofApp.mm */ = {isa = PBXFileReference; fileEncoding = 4; lastKnownFileType = sourcecode.cpp.objcpp; path = ofApp.mm; sourceTree = "<group>"; };
		D84334C31F17843F00E7073F /* AlertViewDelegate.h */ = {isa = PBXFileReference; fileEncoding = 4; lastKnownFileType = sourcecode.c.h; path = AlertViewDelegate.h; sourceTree = "<group>"; };
		D84334C41F17843F00E7073F /* AlertViewDelegate.mm */ = {isa = PBXFileReference; fileEncoding = 4; lastKnownFileType = sourcecode.cpp.objcpp; path = AlertViewDelegate.mm; sourceTree = "<group>"; };
		D84334C51F17843F00E7073F /* MyViewController.h */ = {isa = PBXFileReference; fileEncoding = 4; lastKnownFileType = sourcecode.c.h; path = MyViewController.h; sourceTree = "<group>"; };
		D84334C61F17843F00E7073F /* MyViewController.mm */ = {isa = PBXFileReference; fileEncoding = 4; lastKnownFileType = sourcecode.cpp.objcpp; path = MyViewController.mm; sourceTree = "<group>"; };
		D84334C71F17843F00E7073F /* MyViewController.xib */ = {isa = PBXFileReference; fileEncoding = 4; lastKnownFileType = file.xib; path = MyViewController.xib; sourceTree = "<group>"; };
		D84334C81F17843F00E7073F /* MyViewController~ipad.xib */ = {isa = PBXFileReference; fileEncoding = 4; lastKnownFileType = file.xib; path = "MyViewController~ipad.xib"; sourceTree = "<group>"; };
		D84334C91F17843F00E7073F /* README.md */ = {isa = PBXFileReference; fileEncoding = 4; lastKnownFileType = net.daringfireball.markdown; path = README.md; sourceTree = "<group>"; };
		D84334CB1F17843F00E7073F /* update_libpd.sh */ = {isa = PBXFileReference; fileEncoding = 4; lastKnownFileType = text.script.sh; path = update_libpd.sh; sourceTree = "<group>"; };
		D84334CD1F17843F00E7073F /* ofxPd.cpp */ = {isa = PBXFileReference; fileEncoding = 4; lastKnownFileType = sourcecode.cpp.cpp; path = ofxPd.cpp; sourceTree = "<group>"; };
		D84334CE1F17843F00E7073F /* ofxPd.h */ = {isa = PBXFileReference; fileEncoding = 4; lastKnownFileType = sourcecode.c.h; path = ofxPd.h; sourceTree = "<group>"; };
		E41D3ED613B38FB500A75A5D /* Project.xcconfig */ = {isa = PBXFileReference; fileEncoding = 4; lastKnownFileType = text.xcconfig; path = Project.xcconfig; sourceTree = "<group>"; };
		E41D3EE513B3906D00A75A5D /* CoreOF.xcconfig */ = {isa = PBXFileReference; fileEncoding = 4; lastKnownFileType = text.xcconfig; name = CoreOF.xcconfig; path = ../../../libs/openFrameworksCompiled/project/ios/CoreOF.xcconfig; sourceTree = SOURCE_ROOT; };
		E41D400613B39D2100A75A5D /* AVFoundation.framework */ = {isa = PBXFileReference; lastKnownFileType = wrapper.framework; name = AVFoundation.framework; path = System/Library/Frameworks/AVFoundation.framework; sourceTree = SDKROOT; };
		E41D400713B39D2100A75A5D /* CoreMedia.framework */ = {isa = PBXFileReference; lastKnownFileType = wrapper.framework; name = CoreMedia.framework; path = System/Library/Frameworks/CoreMedia.framework; sourceTree = SDKROOT; };
		E41D400813B39D2100A75A5D /* CoreVideo.framework */ = {isa = PBXFileReference; lastKnownFileType = wrapper.framework; name = CoreVideo.framework; path = System/Library/Frameworks/CoreVideo.framework; sourceTree = SDKROOT; };
		E41D400913B39D2100A75A5D /* MapKit.framework */ = {isa = PBXFileReference; lastKnownFileType = wrapper.framework; name = MapKit.framework; path = System/Library/Frameworks/MapKit.framework; sourceTree = SDKROOT; };
		E41D40FD13B3A0D800A75A5D /* iOS+OFLib.xcodeproj */ = {isa = PBXFileReference; lastKnownFileType = "wrapper.pb-project"; name = "iOS+OFLib.xcodeproj"; path = "../../../libs/openFrameworksCompiled/project/ios/iOS+OFLib.xcodeproj"; sourceTree = "<group>"; };
		E4A823A312561BE3002F86A2 /* CoreGraphics.framework */ = {isa = PBXFileReference; lastKnownFileType = wrapper.framework; name = CoreGraphics.framework; path = System/Library/Frameworks/CoreGraphics.framework; sourceTree = SDKROOT; };
		E4D8936B11527B74007E1F53 /* main.mm */ = {isa = PBXFileReference; fileEncoding = 4; lastKnownFileType = sourcecode.cpp.objcpp; name = main.mm; path = src/main.mm; sourceTree = SOURCE_ROOT; };
		E4D8936C11527B74007E1F53 /* ofApp.h */ = {isa = PBXFileReference; fileEncoding = 4; lastKnownFileType = sourcecode.c.h; name = ofApp.h; path = src/ofApp.h; sourceTree = SOURCE_ROOT; };
		E4D8936D11527B74007E1F53 /* ofApp.mm */ = {isa = PBXFileReference; fileEncoding = 4; lastKnownFileType = sourcecode.cpp.objcpp; name = ofApp.mm; path = src/ofApp.mm; sourceTree = SOURCE_ROOT; };
/* End PBXFileReference section */

/* Begin PBXFrameworksBuildPhase section */
		1D60588F0D05DD3D006BFB54 /* Frameworks */ = {
			isa = PBXFrameworksBuildPhase;
			buildActionMask = 2147483647;
			files = (
				1D60589F0D05DD5A006BFB54 /* Foundation.framework in Frameworks */,
				1DF5F4E00D08C38300B7A737 /* UIKit.framework in Frameworks */,
				288765FD0DF74451002DB57D /* CoreGraphics.framework in Frameworks */,
				BB16EBD20F2B2A9500518274 /* OpenGLES.framework in Frameworks */,
				BB16EBD90F2B2AB500518274 /* QuartzCore.framework in Frameworks */,
				BBE5EAB80F49AD8400F28951 /* AudioToolbox.framework in Frameworks */,
				53F323EB10A20EDB00E0DAE4 /* OpenAL.framework in Frameworks */,
				5326AEA810A23A0500278DE6 /* CoreLocation.framework in Frameworks */,
				E41D400B13B39D2100A75A5D /* AVFoundation.framework in Frameworks */,
				E41D400C13B39D2100A75A5D /* CoreMedia.framework in Frameworks */,
				E41D400D13B39D2100A75A5D /* CoreVideo.framework in Frameworks */,
				E41D400E13B39D2100A75A5D /* MapKit.framework in Frameworks */,
				67DFA53619F92A69003B3434 /* Accelerate.framework in Frameworks */,
			);
			runOnlyForDeploymentPostprocessing = 0;
		};
/* End PBXFrameworksBuildPhase section */

/* Begin PBXGroup section */
		19C28FACFE9D520D11CA2CBB /* Products */ = {
			isa = PBXGroup;
			children = (
				1D6058910D05DD3D006BFB54 /* pdExampleIOS.app */,
			);
			name = Products;
			sourceTree = "<group>";
		};
		29B97314FDCFA39411CA2CEA /* CustomTemplate */ = {
			isa = PBXGroup;
			children = (
				678E130917951536005B6D19 /* Icon.png */,
				678E130717951530005B6D19 /* Icon@2x.png */,
				678E130B1795153C005B6D19 /* Default.png */,
				678E130D17951540005B6D19 /* Default@2x.png */,
				678E130F17951549005B6D19 /* Default-568h@2x~iphone.png */,
				E4D8936A11527B74007E1F53 /* src */,
				BB24E1F710DAA51900E9C588 /* openFrameworks */,
				BB16F26B0F2B646B00518274 /* addons */,
				BB16E9930F2B1E5900518274 /* libs */,
				19C28FACFE9D520D11CA2CBB /* Products */,
			);
			name = CustomTemplate;
			sourceTree = "<group>";
		};
		29B97323FDCFA39411CA2CEA /* core frameworks */ = {
			isa = PBXGroup;
			children = (
				E41D400613B39D2100A75A5D /* AVFoundation.framework */,
				E41D400713B39D2100A75A5D /* CoreMedia.framework */,
				E41D400813B39D2100A75A5D /* CoreVideo.framework */,
				E41D400913B39D2100A75A5D /* MapKit.framework */,
				53F323EA10A20EDB00E0DAE4 /* OpenAL.framework */,
				E4A823A312561BE3002F86A2 /* CoreGraphics.framework */,
				BBE5EAB70F49AD8400F28951 /* AudioToolbox.framework */,
				BB16EBD80F2B2AB500518274 /* QuartzCore.framework */,
				BB16EBD10F2B2A9500518274 /* OpenGLES.framework */,
				1DF5F4DF0D08C38300B7A737 /* UIKit.framework */,
				1D30AB110D05D00D00671497 /* Foundation.framework */,
				288765FC0DF74451002DB57D /* CoreGraphics.framework */,
				5326AEA710A23A0500278DE6 /* CoreLocation.framework */,
				67DFA53419F92A5E003B3434 /* Accelerate.framework */,
			);
			name = "core frameworks";
			sourceTree = "<group>";
		};
		6948EE371B920CB800B5AC1A /* local_addons */ = {
			isa = PBXGroup;
			children = (
			);
			name = local_addons;
			sourceTree = "<group>";
		};
		BB16E9930F2B1E5900518274 /* libs */ = {
			isa = PBXGroup;
			children = (
				BBE5E94E0F497BD800F28951 /* core */,
			);
			name = libs;
			sourceTree = "<group>";
		};
		BB16F26B0F2B646B00518274 /* addons */ = {
			isa = PBXGroup;
			children = (
				D84334351F17843F00E7073F /* ofxPd */,
			);
			name = addons;
			sourceTree = "<group>";
		};
		BB24E1F710DAA51900E9C588 /* openFrameworks */ = {
			isa = PBXGroup;
			children = (
				E41D40FD13B3A0D800A75A5D /* iOS+OFLib.xcodeproj */,
				32CA4F630368D1EE00C91783 /* ofxiOS_Prefix.pch */,
				BB24DDC910DA781C00E9C588 /* ofxiOS-Info.plist */,
				E41D3EE513B3906D00A75A5D /* CoreOF.xcconfig */,
				6948EE371B920CB800B5AC1A /* local_addons */,
				E41D3ED613B38FB500A75A5D /* Project.xcconfig */,
			);
			name = openFrameworks;
			sourceTree = "<group>";
		};
		BBE5E94E0F497BD800F28951 /* core */ = {
			isa = PBXGroup;
			children = (
				29B97323FDCFA39411CA2CEA /* core frameworks */,
			);
			name = core;
			sourceTree = "<group>";
		};
		D84334351F17843F00E7073F /* ofxPd */ = {
			isa = PBXGroup;
			children = (
				D84334361F17843F00E7073F /* .gitignore */,
				D84334371F17843F00E7073F /* addon_config.mk */,
				D84334381F17843F00E7073F /* CHANGES.txt */,
				D84334391F17843F00E7073F /* doc */,
				D843343F1F17843F00E7073F /* libs */,
				D84334B11F17843F00E7073F /* LICENSE.txt */,
				D84334B21F17843F00E7073F /* ofxaddons_thumbnail.png */,
				D84334B31F17843F00E7073F /* ofxPd.cpp */,
				D84334B41F17843F00E7073F /* ofxPd.h */,
				D84334B51F17843F00E7073F /* pdExampleIOS */,
				D84334C91F17843F00E7073F /* README.md */,
				D84334CA1F17843F00E7073F /* scripts */,
				D84334CC1F17843F00E7073F /* src */,
			);
			path = ofxPd;
			sourceTree = "<group>";
		};
		D84334391F17843F00E7073F /* doc */ = {
			isa = PBXGroup;
			children = (
				D843343A1F17843F00E7073F /* interface_sketch.txt */,
				D843343B1F17843F00E7073F /* logo */,
			);
			path = doc;
			sourceTree = "<group>";
		};
		D843343B1F17843F00E7073F /* logo */ = {
			isa = PBXGroup;
			children = (
				D843343C1F17843F00E7073F /* libpd.pd */,
				D843343D1F17843F00E7073F /* logo.pd */,
				D843343E1F17843F00E7073F /* openFrameworks.pd */,
			);
			path = logo;
			sourceTree = "<group>";
		};
		D843343F1F17843F00E7073F /* libs */ = {
			isa = PBXGroup;
			children = (
				D84334401F17843F00E7073F /* libpd */,
			);
			path = libs;
			sourceTree = "<group>";
		};
		D84334401F17843F00E7073F /* libpd */ = {
			isa = PBXGroup;
			children = (
				D84334411F17843F00E7073F /* cpp */,
				D84334491F17843F00E7073F /* libpd_wrapper */,
				D84334581F17843F00E7073F /* pure-data */,
			);
			path = libpd;
			sourceTree = "<group>";
		};
		D84334411F17843F00E7073F /* cpp */ = {
			isa = PBXGroup;
			children = (
				D84334421F17843F00E7073F /* LICENSE.txt */,
				D84334431F17843F00E7073F /* PdBase.cpp */,
				D84334441F17843F00E7073F /* PdBase.hpp */,
				D84334451F17843F00E7073F /* PdMidiReceiver.hpp */,
				D84334461F17843F00E7073F /* PdReceiver.hpp */,
				D84334471F17843F00E7073F /* PdTypes.cpp */,
				D84334481F17843F00E7073F /* PdTypes.hpp */,
			);
			path = cpp;
			sourceTree = "<group>";
		};
		D84334491F17843F00E7073F /* libpd_wrapper */ = {
			isa = PBXGroup;
			children = (
				D843344A1F17843F00E7073F /* s_libpdmidi.c */,
				D843344B1F17843F00E7073F /* util */,
				D84334521F17843F00E7073F /* x_libpdreceive.c */,
				D84334531F17843F00E7073F /* x_libpdreceive.h */,
				D84334541F17843F00E7073F /* z_hooks.c */,
				D84334551F17843F00E7073F /* z_hooks.h */,
				D84334561F17843F00E7073F /* z_libpd.c */,
				D84334571F17843F00E7073F /* z_libpd.h */,
			);
			path = libpd_wrapper;
			sourceTree = "<group>";
		};
		D843344B1F17843F00E7073F /* util */ = {
			isa = PBXGroup;
			children = (
				D843344C1F17843F00E7073F /* ringbuffer.c */,
				D843344D1F17843F00E7073F /* ringbuffer.h */,
				D843344E1F17843F00E7073F /* z_print_util.c */,
				D843344F1F17843F00E7073F /* z_print_util.h */,
				D84334501F17843F00E7073F /* z_queued.c */,
				D84334511F17843F00E7073F /* z_queued.h */,
			);
			path = util;
			sourceTree = "<group>";
		};
		D84334581F17843F00E7073F /* pure-data */ = {
			isa = PBXGroup;
			children = (
				D84334591F17843F00E7073F /* extra */,
				D84334611F17843F00E7073F /* src */,
			);
			path = "pure-data";
			sourceTree = "<group>";
		};
		D84334591F17843F00E7073F /* extra */ = {
			isa = PBXGroup;
			children = (
				D843345A1F17843F00E7073F /* choice */,
				D843345C1F17843F00E7073F /* pique */,
				D843345E1F17843F00E7073F /* README.txt */,
				D843345F1F17843F00E7073F /* stdout */,
			);
			path = extra;
			sourceTree = "<group>";
		};
		D843345A1F17843F00E7073F /* choice */ = {
			isa = PBXGroup;
			children = (
				D843345B1F17843F00E7073F /* choice.c */,
			);
			path = choice;
			sourceTree = "<group>";
		};
		D843345C1F17843F00E7073F /* pique */ = {
			isa = PBXGroup;
			children = (
				D843345D1F17843F00E7073F /* pique.c */,
			);
			path = pique;
			sourceTree = "<group>";
		};
		D843345F1F17843F00E7073F /* stdout */ = {
			isa = PBXGroup;
			children = (
				D84334601F17843F00E7073F /* stdout.c */,
			);
			path = stdout;
			sourceTree = "<group>";
		};
		D84334611F17843F00E7073F /* src */ = {
			isa = PBXGroup;
			children = (
				D84334621F17843F00E7073F /* d_arithmetic.c */,
				D84334631F17843F00E7073F /* d_array.c */,
				D84334641F17843F00E7073F /* d_ctl.c */,
				D84334651F17843F00E7073F /* d_dac.c */,
				D84334661F17843F00E7073F /* d_delay.c */,
				D84334671F17843F00E7073F /* d_fft.c */,
				D84334681F17843F00E7073F /* d_fft_fftsg.c */,
				D84334691F17843F00E7073F /* d_filter.c */,
				D843346A1F17843F00E7073F /* d_global.c */,
				D843346B1F17843F00E7073F /* d_math.c */,
				D843346C1F17843F00E7073F /* d_misc.c */,
				D843346D1F17843F00E7073F /* d_osc.c */,
				D843346E1F17843F00E7073F /* d_resample.c */,
				D843346F1F17843F00E7073F /* d_soundfile.c */,
				D84334701F17843F00E7073F /* d_ugen.c */,
				D84334711F17843F00E7073F /* g_all_guis.c */,
				D84334721F17843F00E7073F /* g_all_guis.h */,
				D84334731F17843F00E7073F /* g_array.c */,
				D84334741F17843F00E7073F /* g_bang.c */,
				D84334751F17843F00E7073F /* g_canvas.c */,
				D84334761F17843F00E7073F /* g_canvas.h */,
				D84334771F17843F00E7073F /* g_clone.c */,
				D84334781F17843F00E7073F /* g_editor.c */,
				D84334791F17843F00E7073F /* g_graph.c */,
				D843347A1F17843F00E7073F /* g_guiconnect.c */,
				D843347B1F17843F00E7073F /* g_hdial.c */,
				D843347C1F17843F00E7073F /* g_hslider.c */,
				D843347D1F17843F00E7073F /* g_io.c */,
				D843347E1F17843F00E7073F /* g_mycanvas.c */,
				D843347F1F17843F00E7073F /* g_numbox.c */,
				D84334801F17843F00E7073F /* g_readwrite.c */,
				D84334811F17843F00E7073F /* g_rtext.c */,
				D84334821F17843F00E7073F /* g_scalar.c */,
				D84334831F17843F00E7073F /* g_template.c */,
				D84334841F17843F00E7073F /* g_text.c */,
				D84334851F17843F00E7073F /* g_toggle.c */,
				D84334861F17843F00E7073F /* g_traversal.c */,
				D84334871F17843F00E7073F /* g_vdial.c */,
				D84334881F17843F00E7073F /* g_vslider.c */,
				D84334891F17843F00E7073F /* g_vumeter.c */,
				D843348A1F17843F00E7073F /* m_atom.c */,
				D843348B1F17843F00E7073F /* m_binbuf.c */,
				D843348C1F17843F00E7073F /* m_class.c */,
				D843348D1F17843F00E7073F /* m_conf.c */,
				D843348E1F17843F00E7073F /* m_glob.c */,
				D843348F1F17843F00E7073F /* m_imp.h */,
				D84334901F17843F00E7073F /* m_memory.c */,
				D84334911F17843F00E7073F /* m_obj.c */,
				D84334921F17843F00E7073F /* m_pd.c */,
				D84334931F17843F00E7073F /* m_pd.h */,
				D84334941F17843F00E7073F /* m_sched.c */,
				D84334951F17843F00E7073F /* s_audio.c */,
				D84334961F17843F00E7073F /* s_audio_dummy.c */,
				D84334971F17843F00E7073F /* s_file.c */,
				D84334981F17843F00E7073F /* s_inter.c */,
				D84334991F17843F00E7073F /* s_loader.c */,
				D843349A1F17843F00E7073F /* s_main.c */,
				D843349B1F17843F00E7073F /* s_path.c */,
				D843349C1F17843F00E7073F /* s_print.c */,
				D843349D1F17843F00E7073F /* s_stuff.h */,
				D843349E1F17843F00E7073F /* s_utf8.c */,
				D843349F1F17843F00E7073F /* s_utf8.h */,
				D84334A01F17843F00E7073F /* x_acoustics.c */,
				D84334A11F17843F00E7073F /* x_arithmetic.c */,
				D84334A21F17843F00E7073F /* x_array.c */,
				D84334A31F17843F00E7073F /* x_connective.c */,
				D84334A41F17843F00E7073F /* x_gui.c */,
				D84334A51F17843F00E7073F /* x_interface.c */,
				D84334A61F17843F00E7073F /* x_list.c */,
				D84334A71F17843F00E7073F /* x_midi.c */,
				D84334A81F17843F00E7073F /* x_misc.c */,
				D84334A91F17843F00E7073F /* x_net.c */,
				D84334AA1F17843F00E7073F /* x_scalar.c */,
				D84334AB1F17843F00E7073F /* x_text.c */,
				D84334AC1F17843F00E7073F /* x_time.c */,
				D84334AD1F17843F00E7073F /* x_vexp.c */,
				D84334AE1F17843F00E7073F /* x_vexp.h */,
				D84334AF1F17843F00E7073F /* x_vexp_fun.c */,
				D84334B01F17843F00E7073F /* x_vexp_if.c */,
			);
			path = src;
			sourceTree = "<group>";
		};
		D84334B51F17843F00E7073F /* pdExampleIOS */ = {
			isa = PBXGroup;
			children = (
				D84334B61F17843F00E7073F /* addons.make */,
				D84334B71F17843F00E7073F /* bin */,
				D84334BE1F17843F00E7073F /* src */,
			);
			path = pdExampleIOS;
			sourceTree = "<group>";
		};
		D84334B71F17843F00E7073F /* bin */ = {
			isa = PBXGroup;
			children = (
				D84334B81F17843F00E7073F /* data */,
			);
			path = bin;
			sourceTree = "<group>";
		};
		D84334B81F17843F00E7073F /* data */ = {
			isa = PBXGroup;
			children = (
				D84334B91F17843F00E7073F /* pd */,
			);
			path = data;
			sourceTree = "<group>";
		};
		D84334B91F17843F00E7073F /* pd */ = {
			isa = PBXGroup;
			children = (
				D84334BA1F17843F00E7073F /* abs */,
				D84334BC1F17843F00E7073F /* instance.pd */,
				D84334BD1F17843F00E7073F /* test.pd */,
			);
			path = pd;
			sourceTree = "<group>";
		};
		D84334BA1F17843F00E7073F /* abs */ = {
			isa = PBXGroup;
			children = (
				D84334BB1F17843F00E7073F /* test_abs.pd */,
			);
			path = abs;
			sourceTree = "<group>";
		};
		D84334BE1F17843F00E7073F /* src */ = {
			isa = PBXGroup;
			children = (
				D84334BF1F17843F00E7073F /* main.mm */,
				D84334C01F17843F00E7073F /* ofApp.h */,
				D84334C11F17843F00E7073F /* ofApp.mm */,
				D84334C21F17843F00E7073F /* UI */,
			);
			path = src;
			sourceTree = "<group>";
		};
		D84334C21F17843F00E7073F /* UI */ = {
			isa = PBXGroup;
			children = (
				D84334C31F17843F00E7073F /* AlertViewDelegate.h */,
				D84334C41F17843F00E7073F /* AlertViewDelegate.mm */,
				D84334C51F17843F00E7073F /* MyViewController.h */,
				D84334C61F17843F00E7073F /* MyViewController.mm */,
				D84334C71F17843F00E7073F /* MyViewController.xib */,
				D84334C81F17843F00E7073F /* MyViewController~ipad.xib */,
			);
			path = UI;
			sourceTree = "<group>";
		};
		D84334CA1F17843F00E7073F /* scripts */ = {
			isa = PBXGroup;
			children = (
				D84334CB1F17843F00E7073F /* update_libpd.sh */,
			);
			path = scripts;
			sourceTree = "<group>";
		};
		D84334CC1F17843F00E7073F /* src */ = {
			isa = PBXGroup;
			children = (
				D84334CD1F17843F00E7073F /* ofxPd.cpp */,
				D84334CE1F17843F00E7073F /* ofxPd.h */,
			);
			path = src;
			sourceTree = "<group>";
		};
		E4D8936A11527B74007E1F53 /* src */ = {
			isa = PBXGroup;
			children = (
				E4D8936B11527B74007E1F53 /* main.mm */,
				E4D8936D11527B74007E1F53 /* ofApp.mm */,
				E4D8936C11527B74007E1F53 /* ofApp.h */,
			);
			path = src;
			sourceTree = SOURCE_ROOT;
		};
/* End PBXGroup section */

/* Begin PBXNativeTarget section */
		1D6058900D05DD3D006BFB54 /* pdExampleIOS */ = {
			isa = PBXNativeTarget;
			buildConfigurationList = 1D6058960D05DD3E006BFB54 /* Build configuration list for PBXNativeTarget "pdExampleIOS" */;
			buildPhases = (
				1D60588D0D05DD3D006BFB54 /* Resources */,
				1D60588E0D05DD3D006BFB54 /* Sources */,
				1D60588F0D05DD3D006BFB54 /* Frameworks */,
				9255DD331112741900D6945E /* ShellScript */,
			);
			buildRules = (
			);
			dependencies = (
			);
			name = pdExampleIOS;
			productName = iPhone;
			productReference = 1D6058910D05DD3D006BFB54 /* pdExampleIOS.app */;
			productType = "com.apple.product-type.application";
		};
/* End PBXNativeTarget section */

/* Begin PBXProject section */
		29B97313FDCFA39411CA2CEA /* Project object */ = {
			isa = PBXProject;
			attributes = {
				LastUpgradeCheck = 0830;
				TargetAttributes = {
					1D6058900D05DD3D006BFB54 = {
						DevelopmentTeam = 3R2A4S39EB;
					};
				};
			};
			buildConfigurationList = C01FCF4E08A954540054247B /* Build configuration list for PBXProject "pdExampleIOS" */;
			compatibilityVersion = "Xcode 3.2";
			developmentRegion = English;
			hasScannedForEncodings = 1;
			knownRegions = (
				English,
				Japanese,
				French,
				German,
			);
			mainGroup = 29B97314FDCFA39411CA2CEA /* CustomTemplate */;
			projectDirPath = "";
			projectRoot = "";
			targets = (
				1D6058900D05DD3D006BFB54 /* pdExampleIOS */,
			);
		};
/* End PBXProject section */

/* Begin PBXResourcesBuildPhase section */
		1D60588D0D05DD3D006BFB54 /* Resources */ = {
			isa = PBXResourcesBuildPhase;
			buildActionMask = 2147483647;
			files = (
				678E130817951530005B6D19 /* Icon@2x.png in Resources */,
				678E130A17951536005B6D19 /* Icon.png in Resources */,
				D84335301F17843F00E7073F /* test_abs.pd in Resources */,
				D843352F1F17843F00E7073F /* addons.make in Resources */,
				D84334D41F17843F00E7073F /* logo.pd in Resources */,
				D843352D1F17843F00E7073F /* ofxaddons_thumbnail.png in Resources */,
				D843352C1F17843F00E7073F /* LICENSE.txt in Resources */,
				D84334D11F17843F00E7073F /* CHANGES.txt in Resources */,
				D84334D01F17843F00E7073F /* addon_config.mk in Resources */,
				D843353A1F17843F00E7073F /* update_libpd.sh in Resources */,
				D84334D61F17843F00E7073F /* LICENSE.txt in Resources */,
				D84334D21F17843F00E7073F /* interface_sketch.txt in Resources */,
				D84334D51F17843F00E7073F /* openFrameworks.pd in Resources */,
				D84335311F17843F00E7073F /* instance.pd in Resources */,
				D84335321F17843F00E7073F /* test.pd in Resources */,
				D84335371F17843F00E7073F /* MyViewController.xib in Resources */,
				678E130C1795153C005B6D19 /* Default.png in Resources */,
				678E130E17951540005B6D19 /* Default@2x.png in Resources */,
				D84334CF1F17843F00E7073F /* .gitignore in Resources */,
				678E131017951549005B6D19 /* Default-568h@2x~iphone.png in Resources */,
				D84334E21F17843F00E7073F /* README.txt in Resources */,
				D84334D31F17843F00E7073F /* libpd.pd in Resources */,
				D84335381F17843F00E7073F /* MyViewController~ipad.xib in Resources */,
			);
			runOnlyForDeploymentPostprocessing = 0;
		};
/* End PBXResourcesBuildPhase section */

/* Begin PBXShellScriptBuildPhase section */
		9255DD331112741900D6945E /* ShellScript */ = {
			isa = PBXShellScriptBuildPhase;
			buildActionMask = 2147483647;
			files = (
			);
			inputPaths = (
			);
			outputPaths = (
			);
			runOnlyForDeploymentPostprocessing = 0;
			shellPath = /bin/sh;
			shellScript = "rsync -avz --exclude='.DS_Store' \"${SRCROOT}/bin/data/\" \"${TARGET_BUILD_DIR}/${UNLOCALIZED_RESOURCES_FOLDER_PATH}\"";
		};
/* End PBXShellScriptBuildPhase section */

/* Begin PBXSourcesBuildPhase section */
		1D60588E0D05DD3D006BFB54 /* Sources */ = {
			isa = PBXSourcesBuildPhase;
			buildActionMask = 2147483647;
			files = (
				D84334FF1F17843F00E7073F /* g_numbox.c in Sources */,
				D84334E61F17843F00E7073F /* d_ctl.c in Sources */,
				D84335341F17843F00E7073F /* ofApp.mm in Sources */,
				D84334FC1F17843F00E7073F /* g_hslider.c in Sources */,
				E4D8936E11527B74007E1F53 /* main.mm in Sources */,
				D84334FA1F17843F00E7073F /* g_guiconnect.c in Sources */,
				E4D8936F11527B74007E1F53 /* ofApp.mm in Sources */,
				D84334D91F17843F00E7073F /* s_libpdmidi.c in Sources */,
				D84334EF1F17843F00E7073F /* d_osc.c in Sources */,
				D843351E1F17843F00E7073F /* x_array.c in Sources */,
				D843350D1F17843F00E7073F /* m_conf.c in Sources */,
				D843350B1F17843F00E7073F /* m_binbuf.c in Sources */,
				D84335201F17843F00E7073F /* x_gui.c in Sources */,
				D84334D81F17843F00E7073F /* PdTypes.cpp in Sources */,
				D84335071F17843F00E7073F /* g_vdial.c in Sources */,
				D843352B1F17843F00E7073F /* x_vexp_if.c in Sources */,
				D84335191F17843F00E7073F /* s_path.c in Sources */,
				D84335251F17843F00E7073F /* x_net.c in Sources */,
				D84334E71F17843F00E7073F /* d_dac.c in Sources */,
				D843350C1F17843F00E7073F /* m_class.c in Sources */,
				D84334DF1F17843F00E7073F /* z_libpd.c in Sources */,
				D84334E51F17843F00E7073F /* d_array.c in Sources */,
				D84334E41F17843F00E7073F /* d_arithmetic.c in Sources */,
				D84334F41F17843F00E7073F /* g_array.c in Sources */,
				D84334DA1F17843F00E7073F /* ringbuffer.c in Sources */,
				D84335091F17843F00E7073F /* g_vumeter.c in Sources */,
				D84334E81F17843F00E7073F /* d_delay.c in Sources */,
				D84334DC1F17843F00E7073F /* z_queued.c in Sources */,
				D84335001F17843F00E7073F /* g_readwrite.c in Sources */,
				D84335011F17843F00E7073F /* g_rtext.c in Sources */,
				D84334F21F17843F00E7073F /* d_ugen.c in Sources */,
				D84334EE1F17843F00E7073F /* d_misc.c in Sources */,
				D84335261F17843F00E7073F /* x_scalar.c in Sources */,
				D843352A1F17843F00E7073F /* x_vexp_fun.c in Sources */,
				D843351B1F17843F00E7073F /* s_utf8.c in Sources */,
				D84334DE1F17843F00E7073F /* z_hooks.c in Sources */,
				D84335231F17843F00E7073F /* x_midi.c in Sources */,
				D84334F51F17843F00E7073F /* g_bang.c in Sources */,
				D84334F91F17843F00E7073F /* g_graph.c in Sources */,
				D84335211F17843F00E7073F /* x_interface.c in Sources */,
				D84335161F17843F00E7073F /* s_inter.c in Sources */,
				D84335151F17843F00E7073F /* s_file.c in Sources */,
				D843351F1F17843F00E7073F /* x_connective.c in Sources */,
				D84334D71F17843F00E7073F /* PdBase.cpp in Sources */,
				D843350E1F17843F00E7073F /* m_glob.c in Sources */,
				D84334FE1F17843F00E7073F /* g_mycanvas.c in Sources */,
				D84335181F17843F00E7073F /* s_main.c in Sources */,
				D84334F31F17843F00E7073F /* g_all_guis.c in Sources */,
				D84334EB1F17843F00E7073F /* d_filter.c in Sources */,
				D84335351F17843F00E7073F /* AlertViewDelegate.mm in Sources */,
				D84334E31F17843F00E7073F /* stdout.c in Sources */,
				D84335141F17843F00E7073F /* s_audio_dummy.c in Sources */,
				D84334EA1F17843F00E7073F /* d_fft_fftsg.c in Sources */,
				D84335021F17843F00E7073F /* g_scalar.c in Sources */,
				D84335271F17843F00E7073F /* x_text.c in Sources */,
				D84334E11F17843F00E7073F /* pique.c in Sources */,
				D84334F71F17843F00E7073F /* g_clone.c in Sources */,
				D84334E91F17843F00E7073F /* d_fft.c in Sources */,
				D843352E1F17843F00E7073F /* ofxPd.cpp in Sources */,
				D84334FD1F17843F00E7073F /* g_io.c in Sources */,
				D84335361F17843F00E7073F /* MyViewController.mm in Sources */,
				D84334F01F17843F00E7073F /* d_resample.c in Sources */,
				D84335131F17843F00E7073F /* s_audio.c in Sources */,
				D84335061F17843F00E7073F /* g_traversal.c in Sources */,
				D84335121F17843F00E7073F /* m_sched.c in Sources */,
				D843353B1F17843F00E7073F /* ofxPd.cpp in Sources */,
				D84335081F17843F00E7073F /* g_vslider.c in Sources */,
				D84335041F17843F00E7073F /* g_text.c in Sources */,
				D84334EC1F17843F00E7073F /* d_global.c in Sources */,
				D843351A1F17843F00E7073F /* s_print.c in Sources */,
				D84334F61F17843F00E7073F /* g_canvas.c in Sources */,
				D84334DB1F17843F00E7073F /* z_print_util.c in Sources */,
				D84335051F17843F00E7073F /* g_toggle.c in Sources */,
				D843350A1F17843F00E7073F /* m_atom.c in Sources */,
				D84334F11F17843F00E7073F /* d_soundfile.c in Sources */,
				D84334F81F17843F00E7073F /* g_editor.c in Sources */,
				D84335221F17843F00E7073F /* x_list.c in Sources */,
				D84335241F17843F00E7073F /* x_misc.c in Sources */,
				D84334FB1F17843F00E7073F /* g_hdial.c in Sources */,
				D843350F1F17843F00E7073F /* m_memory.c in Sources */,
				D843351C1F17843F00E7073F /* x_acoustics.c in Sources */,
				D84335171F17843F00E7073F /* s_loader.c in Sources */,
				D84334E01F17843F00E7073F /* choice.c in Sources */,
				D84334ED1F17843F00E7073F /* d_math.c in Sources */,
				D843351D1F17843F00E7073F /* x_arithmetic.c in Sources */,
				D84335111F17843F00E7073F /* m_pd.c in Sources */,
				D84335101F17843F00E7073F /* m_obj.c in Sources */,
				D84335331F17843F00E7073F /* main.mm in Sources */,
				D84335391F17843F00E7073F /* README.md in Sources */,
				D84335031F17843F00E7073F /* g_template.c in Sources */,
				D84334DD1F17843F00E7073F /* x_libpdreceive.c in Sources */,
				D84335291F17843F00E7073F /* x_vexp.c in Sources */,
				D84335281F17843F00E7073F /* x_time.c in Sources */,
			);
			runOnlyForDeploymentPostprocessing = 0;
		};
/* End PBXSourcesBuildPhase section */

/* Begin XCBuildConfiguration section */
		1D6058940D05DD3E006BFB54 /* Debug */ = {
			isa = XCBuildConfiguration;
			buildSettings = {
				ALWAYS_SEARCH_USER_PATHS = NO;
				DEVELOPMENT_TEAM = 3R2A4S39EB;
				GCC_PRECOMPILE_PREFIX_HEADER = YES;
				GCC_PREFIX_HEADER = ofxiOS_Prefix.pch;
				"GCC_WARN_64_TO_32_BIT_CONVERSION[arch=*64]" = NO;
				INFOPLIST_FILE = "ofxiOS-Info.plist";
				IPHONEOS_DEPLOYMENT_TARGET = 8.0;
				PRODUCT_BUNDLE_IDENTIFIER = "${PRODUCT_NAME:identifier}";
				PRODUCT_NAME = "${TARGET_NAME}";
				VALID_ARCHS = "$(ARCHS_STANDARD)";
			};
			name = Debug;
		};
		1D6058950D05DD3E006BFB54 /* Release */ = {
			isa = XCBuildConfiguration;
			buildSettings = {
				DEVELOPMENT_TEAM = 3R2A4S39EB;
				GCC_PRECOMPILE_PREFIX_HEADER = YES;
				GCC_PREFIX_HEADER = ofxiOS_Prefix.pch;
				"GCC_WARN_64_TO_32_BIT_CONVERSION[arch=*64]" = NO;
				INFOPLIST_FILE = "ofxiOS-Info.plist";
				IPHONEOS_DEPLOYMENT_TARGET = 8.0;
				PRODUCT_BUNDLE_IDENTIFIER = "${PRODUCT_NAME:identifier}";
				PRODUCT_NAME = "${TARGET_NAME}";
				VALID_ARCHS = "$(ARCHS_STANDARD)";
			};
			name = Release;
		};
		C01FCF4F08A954540054247B /* Debug */ = {
			isa = XCBuildConfiguration;
			baseConfigurationReference = E41D3ED613B38FB500A75A5D /* Project.xcconfig */;
			buildSettings = {
				ALWAYS_SEARCH_USER_PATHS = YES;
				CLANG_ANALYZER_LOCALIZABILITY_NONLOCALIZED = YES;
				CLANG_CXX_LIBRARY = "libc++";
				CLANG_WARN_BOOL_CONVERSION = YES;
				CLANG_WARN_CONSTANT_CONVERSION = YES;
				CLANG_WARN_EMPTY_BODY = YES;
				CLANG_WARN_ENUM_CONVERSION = YES;
				CLANG_WARN_INFINITE_RECURSION = YES;
				CLANG_WARN_INT_CONVERSION = YES;
				CLANG_WARN_SUSPICIOUS_MOVE = YES;
				CLANG_WARN_UNREACHABLE_CODE = YES;
				CLANG_WARN__DUPLICATE_METHOD_MATCH = YES;
				CODE_SIGN_IDENTITY = "";
				"CODE_SIGN_IDENTITY[sdk=iphoneos*]" = "iPhone Developer";
				"CODE_SIGN_IDENTITY[sdk=iphonesimulator*]" = "";
				COMPRESS_PNG_FILES = NO;
				ENABLE_STRICT_OBJC_MSGSEND = YES;
				ENABLE_TESTABILITY = YES;
				GCC_C_LANGUAGE_STANDARD = c11;
				GCC_NO_COMMON_BLOCKS = YES;
				GCC_OPTIMIZATION_LEVEL = 0;
				GCC_SYMBOLS_PRIVATE_EXTERN = NO;
				GCC_WARN_64_TO_32_BIT_CONVERSION = YES;
				"GCC_WARN_64_TO_32_BIT_CONVERSION[arch=*64]" = NO;
				GCC_WARN_ABOUT_INVALID_OFFSETOF_MACRO = NO;
				GCC_WARN_ABOUT_POINTER_SIGNEDNESS = NO;
				GCC_WARN_ABOUT_RETURN_TYPE = YES;
				GCC_WARN_ALLOW_INCOMPLETE_PROTOCOL = NO;
				GCC_WARN_PROTOTYPE_CONVERSION = NO;
				GCC_WARN_UNDECLARED_SELECTOR = YES;
				GCC_WARN_UNINITIALIZED_AUTOS = YES;
				GCC_WARN_UNUSED_FUNCTION = YES;
				GCC_WARN_UNUSED_VARIABLE = YES;
				HEADER_SEARCH_PATHS = (
					"$(OF_CORE_HEADERS)",
					../../addons/ofxPd/libs,
					../../addons/ofxPd/libs/libpd,
					../../addons/ofxPd/libs/libpd/cpp,
					../../addons/ofxPd/libs/libpd/libpd_wrapper,
					../../addons/ofxPd/libs/libpd/libpd_wrapper/util,
					"../../addons/ofxPd/libs/libpd/pure-data",
					"../../addons/ofxPd/libs/libpd/pure-data/extra",
					"../../addons/ofxPd/libs/libpd/pure-data/extra/bob~",
					"../../addons/ofxPd/libs/libpd/pure-data/extra/bonk~",
					"../../addons/ofxPd/libs/libpd/pure-data/extra/choice",
					"../../addons/ofxPd/libs/libpd/pure-data/extra/fiddle~",
					"../../addons/ofxPd/libs/libpd/pure-data/extra/loop~",
					"../../addons/ofxPd/libs/libpd/pure-data/extra/lrshift~",
					"../../addons/ofxPd/libs/libpd/pure-data/extra/pd~",
					"../../addons/ofxPd/libs/libpd/pure-data/extra/pique",
					"../../addons/ofxPd/libs/libpd/pure-data/extra/sigmund~",
					"../../addons/ofxPd/libs/libpd/pure-data/extra/stdout",
					"../../addons/ofxPd/libs/libpd/pure-data/src",
					../../addons/ofxPd/src,
				);
				IPHONEOS_DEPLOYMENT_TARGET = 8.0;
				ONLY_ACTIVE_ARCH = YES;
				OTHER_CFLAGS = (
					"-DHAVE_UNISTD_H",
					"-DUSEAPI_DUMMY",
					"-DPD",
					"-DLIBPD_EXTRA",
					"-DLIBPD_USE_STD_MUTEX",
				);
				"PROVISIONING_PROFILE[sdk=iphoneos*]" = "";
				SDKROOT = iphoneos;
				TARGETED_DEVICE_FAMILY = 1;
				VALID_ARCHS = "$(ARCHS_STANDARD)";
				WARNING_LDFLAGS = "-no_arch_warnings";
			};
			name = Debug;
		};
		C01FCF5008A954540054247B /* Release */ = {
			isa = XCBuildConfiguration;
			baseConfigurationReference = E41D3ED613B38FB500A75A5D /* Project.xcconfig */;
			buildSettings = {
				ALWAYS_SEARCH_USER_PATHS = YES;
				CLANG_ANALYZER_LOCALIZABILITY_NONLOCALIZED = YES;
				CLANG_CXX_LIBRARY = "libc++";
				CLANG_WARN_BOOL_CONVERSION = YES;
				CLANG_WARN_CONSTANT_CONVERSION = YES;
				CLANG_WARN_EMPTY_BODY = YES;
				CLANG_WARN_ENUM_CONVERSION = YES;
				CLANG_WARN_INFINITE_RECURSION = YES;
				CLANG_WARN_INT_CONVERSION = YES;
				CLANG_WARN_SUSPICIOUS_MOVE = YES;
				CLANG_WARN_UNREACHABLE_CODE = YES;
				CLANG_WARN__DUPLICATE_METHOD_MATCH = YES;
				CODE_SIGN_IDENTITY = "";
				"CODE_SIGN_IDENTITY[sdk=iphoneos*]" = "iPhone Developer";
				"CODE_SIGN_IDENTITY[sdk=iphonesimulator*]" = "";
				COMPRESS_PNG_FILES = NO;
				ENABLE_STRICT_OBJC_MSGSEND = YES;
				GCC_C_LANGUAGE_STANDARD = c11;
				GCC_DYNAMIC_NO_PIC = NO;
				GCC_GENERATE_DEBUGGING_SYMBOLS = NO;
				GCC_NO_COMMON_BLOCKS = YES;
				GCC_OPTIMIZATION_LEVEL = s;
				GCC_SYMBOLS_PRIVATE_EXTERN = NO;
				GCC_THUMB_SUPPORT = NO;
				GCC_WARN_64_TO_32_BIT_CONVERSION = YES;
				"GCC_WARN_64_TO_32_BIT_CONVERSION[arch=*64]" = NO;
				GCC_WARN_ABOUT_RETURN_TYPE = YES;
				GCC_WARN_UNDECLARED_SELECTOR = YES;
				GCC_WARN_UNINITIALIZED_AUTOS = YES;
				GCC_WARN_UNUSED_FUNCTION = YES;
				GCC_WARN_UNUSED_VARIABLE = YES;
				HEADER_SEARCH_PATHS = (
					"$(OF_CORE_HEADERS)",
					../../addons/ofxPd/libs,
					../../addons/ofxPd/libs/libpd,
					../../addons/ofxPd/libs/libpd/cpp,
					../../addons/ofxPd/libs/libpd/libpd_wrapper,
					../../addons/ofxPd/libs/libpd/libpd_wrapper/util,
					"../../addons/ofxPd/libs/libpd/pure-data",
					"../../addons/ofxPd/libs/libpd/pure-data/extra",
					"../../addons/ofxPd/libs/libpd/pure-data/extra/bob~",
					"../../addons/ofxPd/libs/libpd/pure-data/extra/bonk~",
					"../../addons/ofxPd/libs/libpd/pure-data/extra/choice",
					"../../addons/ofxPd/libs/libpd/pure-data/extra/fiddle~",
					"../../addons/ofxPd/libs/libpd/pure-data/extra/loop~",
					"../../addons/ofxPd/libs/libpd/pure-data/extra/lrshift~",
					"../../addons/ofxPd/libs/libpd/pure-data/extra/pd~",
					"../../addons/ofxPd/libs/libpd/pure-data/extra/pique",
					"../../addons/ofxPd/libs/libpd/pure-data/extra/sigmund~",
					"../../addons/ofxPd/libs/libpd/pure-data/extra/stdout",
					"../../addons/ofxPd/libs/libpd/pure-data/src",
					../../addons/ofxPd/src,
				);
				IPHONEOS_DEPLOYMENT_TARGET = 8.0;
				ONLY_ACTIVE_ARCH = NO;
				OTHER_CFLAGS = (
					"-DHAVE_UNISTD_H",
					"-DUSEAPI_DUMMY",
					"-DPD",
					"-DLIBPD_EXTRA",
					"-DLIBPD_USE_STD_MUTEX",
				);
				SDKROOT = iphoneos;
				TARGETED_DEVICE_FAMILY = 1;
				VALID_ARCHS = "$(ARCHS_STANDARD)";
				WARNING_LDFLAGS = "-no_arch_warnings";
			};
			name = Release;
		};
/* End XCBuildConfiguration section */

/* Begin XCConfigurationList section */
		1D6058960D05DD3E006BFB54 /* Build configuration list for PBXNativeTarget "pdExampleIOS" */ = {
			isa = XCConfigurationList;
			buildConfigurations = (
				1D6058940D05DD3E006BFB54 /* Debug */,
				1D6058950D05DD3E006BFB54 /* Release */,
			);
			defaultConfigurationIsVisible = 0;
			defaultConfigurationName = Release;
		};
		C01FCF4E08A954540054247B /* Build configuration list for PBXProject "pdExampleIOS" */ = {
			isa = XCConfigurationList;
			buildConfigurations = (
				C01FCF4F08A954540054247B /* Debug */,
				C01FCF5008A954540054247B /* Release */,
			);
			defaultConfigurationIsVisible = 0;
			defaultConfigurationName = Release;
		};
/* End XCConfigurationList section */
	};
	rootObject = 29B97313FDCFA39411CA2CEA /* Project object */;
}
